// !$*UTF8*$!
{
	archiveVersion = 1;
	classes = {
	};
	objectVersion = 77;
	objects = {

/* Begin PBXContainerItemProxy section */
		A9DE37582DC5F34600679C2C /* PBXContainerItemProxy */ = {
			isa = PBXContainerItemProxy;
			containerPortal = A9DE373F2DC5F34400679C2C /* Project object */;
			proxyType = 1;
			remoteGlobalIDString = A9DE37462DC5F34400679C2C;
			remoteInfo = "Snap Safe";
		};
		A9DE37622DC5F34600679C2C /* PBXContainerItemProxy */ = {
			isa = PBXContainerItemProxy;
			containerPortal = A9DE373F2DC5F34400679C2C /* Project object */;
			proxyType = 1;
			remoteGlobalIDString = A9DE37462DC5F34400679C2C;
			remoteInfo = "Snap Safe";
		};
/* End PBXContainerItemProxy section */

/* Begin PBXFileReference section */
		A9DE37472DC5F34400679C2C /* Snap Safe.app */ = {isa = PBXFileReference; explicitFileType = wrapper.application; includeInIndex = 0; path = "Snap Safe.app"; sourceTree = BUILT_PRODUCTS_DIR; };
		A9DE37572DC5F34600679C2C /* Snap SafeTests.xctest */ = {isa = PBXFileReference; explicitFileType = wrapper.cfbundle; includeInIndex = 0; path = "Snap SafeTests.xctest"; sourceTree = BUILT_PRODUCTS_DIR; };
		A9DE37612DC5F34600679C2C /* Snap SafeUITests.xctest */ = {isa = PBXFileReference; explicitFileType = wrapper.cfbundle; includeInIndex = 0; path = "Snap SafeUITests.xctest"; sourceTree = BUILT_PRODUCTS_DIR; };
/* End PBXFileReference section */

/* Begin PBXFileSystemSynchronizedRootGroup section */
		A9DE37492DC5F34400679C2C /* Snap Safe */ = {
			isa = PBXFileSystemSynchronizedRootGroup;
			path = "Snap Safe";
			sourceTree = "<group>";
		};
		A9DE375A2DC5F34600679C2C /* Snap SafeTests */ = {
			isa = PBXFileSystemSynchronizedRootGroup;
			path = "Snap SafeTests";
			sourceTree = "<group>";
		};
		A9DE37642DC5F34600679C2C /* Snap SafeUITests */ = {
			isa = PBXFileSystemSynchronizedRootGroup;
			path = "Snap SafeUITests";
			sourceTree = "<group>";
		};
/* End PBXFileSystemSynchronizedRootGroup section */

/* Begin PBXFrameworksBuildPhase section */
		A9DE37442DC5F34400679C2C /* Frameworks */ = {
			isa = PBXFrameworksBuildPhase;
			buildActionMask = 2147483647;
			files = (
			);
			runOnlyForDeploymentPostprocessing = 0;
		};
		A9DE37542DC5F34600679C2C /* Frameworks */ = {
			isa = PBXFrameworksBuildPhase;
			buildActionMask = 2147483647;
			files = (
			);
			runOnlyForDeploymentPostprocessing = 0;
		};
		A9DE375E2DC5F34600679C2C /* Frameworks */ = {
			isa = PBXFrameworksBuildPhase;
			buildActionMask = 2147483647;
			files = (
			);
			runOnlyForDeploymentPostprocessing = 0;
		};
/* End PBXFrameworksBuildPhase section */

/* Begin PBXGroup section */
		A9DE373E2DC5F34400679C2C = {
			isa = PBXGroup;
			children = (
				A9DE37492DC5F34400679C2C /* Snap Safe */,
				A9DE375A2DC5F34600679C2C /* Snap SafeTests */,
				A9DE37642DC5F34600679C2C /* Snap SafeUITests */,
				A9DE37482DC5F34400679C2C /* Products */,
			);
			sourceTree = "<group>";
		};
		A9DE37482DC5F34400679C2C /* Products */ = {
			isa = PBXGroup;
			children = (
				A9DE37472DC5F34400679C2C /* Snap Safe.app */,
				A9DE37572DC5F34600679C2C /* Snap SafeTests.xctest */,
				A9DE37612DC5F34600679C2C /* Snap SafeUITests.xctest */,
			);
			name = Products;
			sourceTree = "<group>";
		};
/* End PBXGroup section */

/* Begin PBXNativeTarget section */
		A9DE37462DC5F34400679C2C /* Snap Safe */ = {
			isa = PBXNativeTarget;
			buildConfigurationList = A9DE376B2DC5F34600679C2C /* Build configuration list for PBXNativeTarget "Snap Safe" */;
			buildPhases = (
				A9DE37432DC5F34400679C2C /* Sources */,
				A9DE37442DC5F34400679C2C /* Frameworks */,
				A9DE37452DC5F34400679C2C /* Resources */,
			);
			buildRules = (
			);
			dependencies = (
			);
			fileSystemSynchronizedGroups = (
				A9DE37492DC5F34400679C2C /* Snap Safe */,
			);
			name = "Snap Safe";
			packageProductDependencies = (
			);
			productName = "Snap Safe";
			productReference = A9DE37472DC5F34400679C2C /* Snap Safe.app */;
			productType = "com.apple.product-type.application";
		};
		A9DE37562DC5F34600679C2C /* Snap SafeTests */ = {
			isa = PBXNativeTarget;
			buildConfigurationList = A9DE376E2DC5F34600679C2C /* Build configuration list for PBXNativeTarget "Snap SafeTests" */;
			buildPhases = (
				A9DE37532DC5F34600679C2C /* Sources */,
				A9DE37542DC5F34600679C2C /* Frameworks */,
				A9DE37552DC5F34600679C2C /* Resources */,
			);
			buildRules = (
			);
			dependencies = (
				A9DE37592DC5F34600679C2C /* PBXTargetDependency */,
			);
			fileSystemSynchronizedGroups = (
				A9DE375A2DC5F34600679C2C /* Snap SafeTests */,
			);
			name = "Snap SafeTests";
			packageProductDependencies = (
			);
			productName = "Snap SafeTests";
			productReference = A9DE37572DC5F34600679C2C /* Snap SafeTests.xctest */;
			productType = "com.apple.product-type.bundle.unit-test";
		};
		A9DE37602DC5F34600679C2C /* Snap SafeUITests */ = {
			isa = PBXNativeTarget;
			buildConfigurationList = A9DE37712DC5F34600679C2C /* Build configuration list for PBXNativeTarget "Snap SafeUITests" */;
			buildPhases = (
				A9DE375D2DC5F34600679C2C /* Sources */,
				A9DE375E2DC5F34600679C2C /* Frameworks */,
				A9DE375F2DC5F34600679C2C /* Resources */,
			);
			buildRules = (
			);
			dependencies = (
				A9DE37632DC5F34600679C2C /* PBXTargetDependency */,
			);
			fileSystemSynchronizedGroups = (
				A9DE37642DC5F34600679C2C /* Snap SafeUITests */,
			);
			name = "Snap SafeUITests";
			packageProductDependencies = (
			);
			productName = "Snap SafeUITests";
			productReference = A9DE37612DC5F34600679C2C /* Snap SafeUITests.xctest */;
			productType = "com.apple.product-type.bundle.ui-testing";
		};
/* End PBXNativeTarget section */

/* Begin PBXProject section */
		A9DE373F2DC5F34400679C2C /* Project object */ = {
			isa = PBXProject;
			attributes = {
				BuildIndependentTargetsInParallel = 1;
				LastSwiftUpdateCheck = 1620;
				LastUpgradeCheck = 1620;
				TargetAttributes = {
					A9DE37462DC5F34400679C2C = {
						CreatedOnToolsVersion = 16.2;
					};
					A9DE37562DC5F34600679C2C = {
						CreatedOnToolsVersion = 16.2;
						TestTargetID = A9DE37462DC5F34400679C2C;
					};
					A9DE37602DC5F34600679C2C = {
						CreatedOnToolsVersion = 16.2;
						TestTargetID = A9DE37462DC5F34400679C2C;
					};
				};
			};
			buildConfigurationList = A9DE37422DC5F34400679C2C /* Build configuration list for PBXProject "Snap Safe" */;
			developmentRegion = en;
			hasScannedForEncodings = 0;
			knownRegions = (
				en,
				Base,
			);
			mainGroup = A9DE373E2DC5F34400679C2C;
			minimizedProjectReferenceProxies = 1;
			preferredProjectObjectVersion = 77;
			productRefGroup = A9DE37482DC5F34400679C2C /* Products */;
			projectDirPath = "";
			projectRoot = "";
			targets = (
				A9DE37462DC5F34400679C2C /* Snap Safe */,
				A9DE37562DC5F34600679C2C /* Snap SafeTests */,
				A9DE37602DC5F34600679C2C /* Snap SafeUITests */,
			);
		};
/* End PBXProject section */

/* Begin PBXResourcesBuildPhase section */
		A9DE37452DC5F34400679C2C /* Resources */ = {
			isa = PBXResourcesBuildPhase;
			buildActionMask = 2147483647;
			files = (
			);
			runOnlyForDeploymentPostprocessing = 0;
		};
		A9DE37552DC5F34600679C2C /* Resources */ = {
			isa = PBXResourcesBuildPhase;
			buildActionMask = 2147483647;
			files = (
			);
			runOnlyForDeploymentPostprocessing = 0;
		};
		A9DE375F2DC5F34600679C2C /* Resources */ = {
			isa = PBXResourcesBuildPhase;
			buildActionMask = 2147483647;
			files = (
			);
			runOnlyForDeploymentPostprocessing = 0;
		};
/* End PBXResourcesBuildPhase section */

/* Begin PBXSourcesBuildPhase section */
		A9DE37432DC5F34400679C2C /* Sources */ = {
			isa = PBXSourcesBuildPhase;
			buildActionMask = 2147483647;
			files = (
			);
			runOnlyForDeploymentPostprocessing = 0;
		};
		A9DE37532DC5F34600679C2C /* Sources */ = {
			isa = PBXSourcesBuildPhase;
			buildActionMask = 2147483647;
			files = (
			);
			runOnlyForDeploymentPostprocessing = 0;
		};
		A9DE375D2DC5F34600679C2C /* Sources */ = {
			isa = PBXSourcesBuildPhase;
			buildActionMask = 2147483647;
			files = (
			);
			runOnlyForDeploymentPostprocessing = 0;
		};
/* End PBXSourcesBuildPhase section */

/* Begin PBXTargetDependency section */
		A9DE37592DC5F34600679C2C /* PBXTargetDependency */ = {
			isa = PBXTargetDependency;
			target = A9DE37462DC5F34400679C2C /* Snap Safe */;
			targetProxy = A9DE37582DC5F34600679C2C /* PBXContainerItemProxy */;
		};
		A9DE37632DC5F34600679C2C /* PBXTargetDependency */ = {
			isa = PBXTargetDependency;
			target = A9DE37462DC5F34400679C2C /* Snap Safe */;
			targetProxy = A9DE37622DC5F34600679C2C /* PBXContainerItemProxy */;
		};
/* End PBXTargetDependency section */

/* Begin XCBuildConfiguration section */
		A9DE37692DC5F34600679C2C /* Debug */ = {
			isa = XCBuildConfiguration;
			buildSettings = {
				ALWAYS_SEARCH_USER_PATHS = NO;
				ASSETCATALOG_COMPILER_GENERATE_SWIFT_ASSET_SYMBOL_EXTENSIONS = YES;
				CLANG_ANALYZER_NONNULL = YES;
				CLANG_ANALYZER_NUMBER_OBJECT_CONVERSION = YES_AGGRESSIVE;
				CLANG_CXX_LANGUAGE_STANDARD = "gnu++20";
				CLANG_ENABLE_MODULES = YES;
				CLANG_ENABLE_OBJC_ARC = YES;
				CLANG_ENABLE_OBJC_WEAK = YES;
				CLANG_WARN_BLOCK_CAPTURE_AUTORELEASING = YES;
				CLANG_WARN_BOOL_CONVERSION = YES;
				CLANG_WARN_COMMA = YES;
				CLANG_WARN_CONSTANT_CONVERSION = YES;
				CLANG_WARN_DEPRECATED_OBJC_IMPLEMENTATIONS = YES;
				CLANG_WARN_DIRECT_OBJC_ISA_USAGE = YES_ERROR;
				CLANG_WARN_DOCUMENTATION_COMMENTS = YES;
				CLANG_WARN_EMPTY_BODY = YES;
				CLANG_WARN_ENUM_CONVERSION = YES;
				CLANG_WARN_INFINITE_RECURSION = YES;
				CLANG_WARN_INT_CONVERSION = YES;
				CLANG_WARN_NON_LITERAL_NULL_CONVERSION = YES;
				CLANG_WARN_OBJC_IMPLICIT_RETAIN_SELF = YES;
				CLANG_WARN_OBJC_LITERAL_CONVERSION = YES;
				CLANG_WARN_OBJC_ROOT_CLASS = YES_ERROR;
				CLANG_WARN_QUOTED_INCLUDE_IN_FRAMEWORK_HEADER = YES;
				CLANG_WARN_RANGE_LOOP_ANALYSIS = YES;
				CLANG_WARN_STRICT_PROTOTYPES = YES;
				CLANG_WARN_SUSPICIOUS_MOVE = YES;
				CLANG_WARN_UNGUARDED_AVAILABILITY = YES_AGGRESSIVE;
				CLANG_WARN_UNREACHABLE_CODE = YES;
				CLANG_WARN__DUPLICATE_METHOD_MATCH = YES;
				COPY_PHASE_STRIP = NO;
				DEBUG_INFORMATION_FORMAT = dwarf;
				ENABLE_STRICT_OBJC_MSGSEND = YES;
				ENABLE_TESTABILITY = YES;
				ENABLE_USER_SCRIPT_SANDBOXING = YES;
				GCC_C_LANGUAGE_STANDARD = gnu17;
				GCC_DYNAMIC_NO_PIC = NO;
				GCC_NO_COMMON_BLOCKS = YES;
				GCC_OPTIMIZATION_LEVEL = 0;
				GCC_PREPROCESSOR_DEFINITIONS = (
					"DEBUG=1",
					"$(inherited)",
				);
				GCC_WARN_64_TO_32_BIT_CONVERSION = YES;
				GCC_WARN_ABOUT_RETURN_TYPE = YES_ERROR;
				GCC_WARN_UNDECLARED_SELECTOR = YES;
				GCC_WARN_UNINITIALIZED_AUTOS = YES_AGGRESSIVE;
				GCC_WARN_UNUSED_FUNCTION = YES;
				GCC_WARN_UNUSED_VARIABLE = YES;
				IPHONEOS_DEPLOYMENT_TARGET = 18.2;
				LOCALIZATION_PREFERS_STRING_CATALOGS = YES;
				MTL_ENABLE_DEBUG_INFO = INCLUDE_SOURCE;
				MTL_FAST_MATH = YES;
				ONLY_ACTIVE_ARCH = YES;
				SDKROOT = iphoneos;
				SWIFT_ACTIVE_COMPILATION_CONDITIONS = "DEBUG $(inherited)";
				SWIFT_OPTIMIZATION_LEVEL = "-Onone";
			};
			name = Debug;
		};
		A9DE376A2DC5F34600679C2C /* Release */ = {
			isa = XCBuildConfiguration;
			buildSettings = {
				ALWAYS_SEARCH_USER_PATHS = NO;
				ASSETCATALOG_COMPILER_GENERATE_SWIFT_ASSET_SYMBOL_EXTENSIONS = YES;
				CLANG_ANALYZER_NONNULL = YES;
				CLANG_ANALYZER_NUMBER_OBJECT_CONVERSION = YES_AGGRESSIVE;
				CLANG_CXX_LANGUAGE_STANDARD = "gnu++20";
				CLANG_ENABLE_MODULES = YES;
				CLANG_ENABLE_OBJC_ARC = YES;
				CLANG_ENABLE_OBJC_WEAK = YES;
				CLANG_WARN_BLOCK_CAPTURE_AUTORELEASING = YES;
				CLANG_WARN_BOOL_CONVERSION = YES;
				CLANG_WARN_COMMA = YES;
				CLANG_WARN_CONSTANT_CONVERSION = YES;
				CLANG_WARN_DEPRECATED_OBJC_IMPLEMENTATIONS = YES;
				CLANG_WARN_DIRECT_OBJC_ISA_USAGE = YES_ERROR;
				CLANG_WARN_DOCUMENTATION_COMMENTS = YES;
				CLANG_WARN_EMPTY_BODY = YES;
				CLANG_WARN_ENUM_CONVERSION = YES;
				CLANG_WARN_INFINITE_RECURSION = YES;
				CLANG_WARN_INT_CONVERSION = YES;
				CLANG_WARN_NON_LITERAL_NULL_CONVERSION = YES;
				CLANG_WARN_OBJC_IMPLICIT_RETAIN_SELF = YES;
				CLANG_WARN_OBJC_LITERAL_CONVERSION = YES;
				CLANG_WARN_OBJC_ROOT_CLASS = YES_ERROR;
				CLANG_WARN_QUOTED_INCLUDE_IN_FRAMEWORK_HEADER = YES;
				CLANG_WARN_RANGE_LOOP_ANALYSIS = YES;
				CLANG_WARN_STRICT_PROTOTYPES = YES;
				CLANG_WARN_SUSPICIOUS_MOVE = YES;
				CLANG_WARN_UNGUARDED_AVAILABILITY = YES_AGGRESSIVE;
				CLANG_WARN_UNREACHABLE_CODE = YES;
				CLANG_WARN__DUPLICATE_METHOD_MATCH = YES;
				COPY_PHASE_STRIP = NO;
				DEBUG_INFORMATION_FORMAT = "dwarf-with-dsym";
				ENABLE_NS_ASSERTIONS = NO;
				ENABLE_STRICT_OBJC_MSGSEND = YES;
				ENABLE_USER_SCRIPT_SANDBOXING = YES;
				GCC_C_LANGUAGE_STANDARD = gnu17;
				GCC_NO_COMMON_BLOCKS = YES;
				GCC_WARN_64_TO_32_BIT_CONVERSION = YES;
				GCC_WARN_ABOUT_RETURN_TYPE = YES_ERROR;
				GCC_WARN_UNDECLARED_SELECTOR = YES;
				GCC_WARN_UNINITIALIZED_AUTOS = YES_AGGRESSIVE;
				GCC_WARN_UNUSED_FUNCTION = YES;
				GCC_WARN_UNUSED_VARIABLE = YES;
				IPHONEOS_DEPLOYMENT_TARGET = 18.2;
				LOCALIZATION_PREFERS_STRING_CATALOGS = YES;
				MTL_ENABLE_DEBUG_INFO = NO;
				MTL_FAST_MATH = YES;
				SDKROOT = iphoneos;
				SWIFT_COMPILATION_MODE = wholemodule;
				VALIDATE_PRODUCT = YES;
			};
			name = Release;
		};
		A9DE376C2DC5F34600679C2C /* Debug */ = {
			isa = XCBuildConfiguration;
			buildSettings = {
				ASSETCATALOG_COMPILER_APPICON_NAME = AppIcon;
				ASSETCATALOG_COMPILER_GLOBAL_ACCENT_COLOR_NAME = AccentColor;
				CODE_SIGN_STYLE = Automatic;
				CURRENT_PROJECT_VERSION = 1;
				DEVELOPMENT_ASSET_PATHS = "\"Snap Safe/Preview Content\"";
				DEVELOPMENT_TEAM = BP75F4S5N3;
				ENABLE_PREVIEWS = YES;
				GENERATE_INFOPLIST_FILE = YES;
				INFOPLIST_KEY_UIApplicationSceneManifest_Generation = YES;
				INFOPLIST_KEY_UIApplicationSupportsIndirectInputEvents = YES;
				INFOPLIST_KEY_UILaunchScreen_Generation = YES;
				INFOPLIST_KEY_UISupportedInterfaceOrientations_iPad = "UIInterfaceOrientationPortrait UIInterfaceOrientationPortraitUpsideDown UIInterfaceOrientationLandscapeLeft UIInterfaceOrientationLandscapeRight";
				INFOPLIST_KEY_UISupportedInterfaceOrientations_iPhone = "UIInterfaceOrientationPortrait UIInterfaceOrientationLandscapeLeft UIInterfaceOrientationLandscapeRight";
				LD_RUNPATH_SEARCH_PATHS = (
					"$(inherited)",
					"@executable_path/Frameworks",
				);
				MARKETING_VERSION = 1.0;
				PRODUCT_BUNDLE_IDENTIFIER = "snapsafe.Snap-Safe";
				PRODUCT_NAME = "$(TARGET_NAME)";
				SWIFT_EMIT_LOC_STRINGS = YES;
				SWIFT_VERSION = 5.0;
				TARGETED_DEVICE_FAMILY = "1,2";
			};
			name = Debug;
		};
		A9DE376D2DC5F34600679C2C /* Release */ = {
			isa = XCBuildConfiguration;
			buildSettings = {
				ASSETCATALOG_COMPILER_APPICON_NAME = AppIcon;
				ASSETCATALOG_COMPILER_GLOBAL_ACCENT_COLOR_NAME = AccentColor;
				CODE_SIGN_STYLE = Automatic;
				CURRENT_PROJECT_VERSION = 1;
				DEVELOPMENT_ASSET_PATHS = "\"Snap Safe/Preview Content\"";
				DEVELOPMENT_TEAM = BP75F4S5N3;
				ENABLE_PREVIEWS = YES;
				GENERATE_INFOPLIST_FILE = YES;
				INFOPLIST_KEY_UIApplicationSceneManifest_Generation = YES;
				INFOPLIST_KEY_UIApplicationSupportsIndirectInputEvents = YES;
				INFOPLIST_KEY_UILaunchScreen_Generation = YES;
				INFOPLIST_KEY_UISupportedInterfaceOrientations_iPad = "UIInterfaceOrientationPortrait UIInterfaceOrientationPortraitUpsideDown UIInterfaceOrientationLandscapeLeft UIInterfaceOrientationLandscapeRight";
				INFOPLIST_KEY_UISupportedInterfaceOrientations_iPhone = "UIInterfaceOrientationPortrait UIInterfaceOrientationLandscapeLeft UIInterfaceOrientationLandscapeRight";
				LD_RUNPATH_SEARCH_PATHS = (
					"$(inherited)",
					"@executable_path/Frameworks",
				);
				MARKETING_VERSION = 1.0;
				PRODUCT_BUNDLE_IDENTIFIER = "snapsafe.Snap-Safe";
				PRODUCT_NAME = "$(TARGET_NAME)";
				SWIFT_EMIT_LOC_STRINGS = YES;
				SWIFT_VERSION = 5.0;
				TARGETED_DEVICE_FAMILY = "1,2";
			};
			name = Release;
		};
		A9DE376F2DC5F34600679C2C /* Debug */ = {
			isa = XCBuildConfiguration;
			buildSettings = {
				BUNDLE_LOADER = "$(TEST_HOST)";
				CODE_SIGN_STYLE = Automatic;
				CURRENT_PROJECT_VERSION = 1;
				DEVELOPMENT_TEAM = BP75F4S5N3;
				GENERATE_INFOPLIST_FILE = YES;
				IPHONEOS_DEPLOYMENT_TARGET = 18.2;
				MARKETING_VERSION = 1.0;
				PRODUCT_BUNDLE_IDENTIFIER = "snapsafe.Snap-SafeTests";
				PRODUCT_NAME = "$(TARGET_NAME)";
				SWIFT_EMIT_LOC_STRINGS = NO;
				SWIFT_VERSION = 5.0;
				TARGETED_DEVICE_FAMILY = "1,2";
				TEST_HOST = "$(BUILT_PRODUCTS_DIR)/Snap Safe.app/$(BUNDLE_EXECUTABLE_FOLDER_PATH)/Snap Safe";
			};
			name = Debug;
		};
		A9DE37702DC5F34600679C2C /* Release */ = {
			isa = XCBuildConfiguration;
			buildSettings = {
				BUNDLE_LOADER = "$(TEST_HOST)";
				CODE_SIGN_STYLE = Automatic;
				CURRENT_PROJECT_VERSION = 1;
				DEVELOPMENT_TEAM = BP75F4S5N3;
				GENERATE_INFOPLIST_FILE = YES;
				IPHONEOS_DEPLOYMENT_TARGET = 18.2;
				MARKETING_VERSION = 1.0;
				PRODUCT_BUNDLE_IDENTIFIER = "snapsafe.Snap-SafeTests";
				PRODUCT_NAME = "$(TARGET_NAME)";
				SWIFT_EMIT_LOC_STRINGS = NO;
				SWIFT_VERSION = 5.0;
				TARGETED_DEVICE_FAMILY = "1,2";
				TEST_HOST = "$(BUILT_PRODUCTS_DIR)/Snap Safe.app/$(BUNDLE_EXECUTABLE_FOLDER_PATH)/Snap Safe";
			};
			name = Release;
		};
		A9DE37722DC5F34600679C2C /* Debug */ = {
			isa = XCBuildConfiguration;
			buildSettings = {
				CODE_SIGN_STYLE = Automatic;
				CURRENT_PROJECT_VERSION = 1;
				DEVELOPMENT_TEAM = BP75F4S5N3;
				GENERATE_INFOPLIST_FILE = YES;
				MARKETING_VERSION = 1.0;
				PRODUCT_BUNDLE_IDENTIFIER = "snapsafe.Snap-SafeUITests";
				PRODUCT_NAME = "$(TARGET_NAME)";
				SWIFT_EMIT_LOC_STRINGS = NO;
				SWIFT_VERSION = 5.0;
				TARGETED_DEVICE_FAMILY = "1,2";
				TEST_TARGET_NAME = "Snap Safe";
			};
			name = Debug;
		};
		A9DE37732DC5F34600679C2C /* Release */ = {
			isa = XCBuildConfiguration;
			buildSettings = {
				CODE_SIGN_STYLE = Automatic;
				CURRENT_PROJECT_VERSION = 1;
				DEVELOPMENT_TEAM = BP75F4S5N3;
				GENERATE_INFOPLIST_FILE = YES;
				MARKETING_VERSION = 1.0;
				PRODUCT_BUNDLE_IDENTIFIER = "snapsafe.Snap-SafeUITests";
				PRODUCT_NAME = "$(TARGET_NAME)";
				SWIFT_EMIT_LOC_STRINGS = NO;
				SWIFT_VERSION = 5.0;
				TARGETED_DEVICE_FAMILY = "1,2";
				TEST_TARGET_NAME = "Snap Safe";
			};
			name = Release;
		};
/* End XCBuildConfiguration section */

/* Begin XCConfigurationList section */
		A9DE37422DC5F34400679C2C /* Build configuration list for PBXProject "Snap Safe" */ = {
			isa = XCConfigurationList;
			buildConfigurations = (
				A9DE37692DC5F34600679C2C /* Debug */,
				A9DE376A2DC5F34600679C2C /* Release */,
			);
			defaultConfigurationIsVisible = 0;
			defaultConfigurationName = Release;
		};
		A9DE376B2DC5F34600679C2C /* Build configuration list for PBXNativeTarget "Snap Safe" */ = {
			isa = XCConfigurationList;
			buildConfigurations = (
				A9DE376C2DC5F34600679C2C /* Debug */,
				A9DE376D2DC5F34600679C2C /* Release */,
			);
			defaultConfigurationIsVisible = 0;
			defaultConfigurationName = Release;
		};
		A9DE376E2DC5F34600679C2C /* Build configuration list for PBXNativeTarget "Snap SafeTests" */ = {
			isa = XCConfigurationList;
			buildConfigurations = (
				A9DE376F2DC5F34600679C2C /* Debug */,
				A9DE37702DC5F34600679C2C /* Release */,
			);
			defaultConfigurationIsVisible = 0;
			defaultConfigurationName = Release;
		};
		A9DE37712DC5F34600679C2C /* Build configuration list for PBXNativeTarget "Snap SafeUITests" */ = {
			isa = XCConfigurationList;
			buildConfigurations = (
				A9DE37722DC5F34600679C2C /* Debug */,
				A9DE37732DC5F34600679C2C /* Release */,
			);
			defaultConfigurationIsVisible = 0;
			defaultConfigurationName = Release;
		};
/* End XCConfigurationList section */
	};
	rootObject = A9DE373F2DC5F34400679C2C /* Project object */;
}
