// !$*UTF8*$!
{
	archiveVersion = 1;
	classes = {
	};
	objectVersion = 56;
	objects = {

/* Begin PBXBuildFile section */
		660130A02E676F5B00D07E9C /* FactoryKit in Frameworks */ = {isa = PBXBuildFile; productRef = 6601309F2E676F5B00D07E9C /* FactoryKit */; };
		660130A22E676F5B00D07E9C /* FactoryTesting in Frameworks */ = {isa = PBXBuildFile; productRef = 660130A12E676F5B00D07E9C /* FactoryTesting */; };
		660130A92E67753600D07E9C /* AppDependencyInjection.swift in Sources */ = {isa = PBXBuildFile; fileRef = 660130A82E67753600D07E9C /* AppDependencyInjection.swift */; };
		660130BC2E67AD1D00D07E9C /* AuthorizationRepository.swift in Sources */ = {isa = PBXBuildFile; fileRef = 660130B62E67AD1D00D07E9C /* AuthorizationRepository.swift */; };
		660130BE2E67AD1D00D07E9C /* EncryptionScheme.swift in Sources */ = {isa = PBXBuildFile; fileRef = 660130B82E67AD1D00D07E9C /* EncryptionScheme.swift */; };
		660130BF2E67AD1D00D07E9C /* HashedPin.swift in Sources */ = {isa = PBXBuildFile; fileRef = 660130B92E67AD1D00D07E9C /* HashedPin.swift */; };
		660130C02E67AD1D00D07E9C /* PassThroughEncryptionScheme.swift in Sources */ = {isa = PBXBuildFile; fileRef = 660130BA2E67AD1D00D07E9C /* PassThroughEncryptionScheme.swift */; };
		660130C42E67AD2200D07E9C /* SettingsDataSource.swift in Sources */ = {isa = PBXBuildFile; fileRef = 660130C12E67AD2200D07E9C /* SettingsDataSource.swift */; };
		660130C52E67AD2200D07E9C /* UserDefaultsSettingsDataSource.swift in Sources */ = {isa = PBXBuildFile; fileRef = 660130C22E67AD2200D07E9C /* UserDefaultsSettingsDataSource.swift */; };
		660130C72E67AD3A00D07E9C /* DeviceInfoDataSource.swift in Sources */ = {isa = PBXBuildFile; fileRef = 660130C62E67AD3A00D07E9C /* DeviceInfoDataSource.swift */; };
		663C7E232E6FED9A00967B9E /* SecurityResetUseCase.swift in Sources */ = {isa = PBXBuildFile; fileRef = 663C7E222E6FED9A00967B9E /* SecurityResetUseCase.swift */; };
		663C7E242E6FED9A00967B9E /* RemovePoisonPillIUseCase.swift in Sources */ = {isa = PBXBuildFile; fileRef = 663C7E212E6FED9A00967B9E /* RemovePoisonPillIUseCase.swift */; };
		663C7E252E6FED9A00967B9E /* InvalidateSessionUseCase.swift in Sources */ = {isa = PBXBuildFile; fileRef = 663C7E1F2E6FED9A00967B9E /* InvalidateSessionUseCase.swift */; };
		663C7E262E6FED9A00967B9E /* AddDecoyPhotoUseCase.swift in Sources */ = {isa = PBXBuildFile; fileRef = 663C7E1E2E6FED9A00967B9E /* AddDecoyPhotoUseCase.swift */; };
		663C7E272E6FED9A00967B9E /* PinStrengthCheckUseCase.swift in Sources */ = {isa = PBXBuildFile; fileRef = 663C7E202E6FED9A00967B9E /* PinStrengthCheckUseCase.swift */; };
		663C7E292E6FEE2500967B9E /* CameraViewModel.swift in Sources */ = {isa = PBXBuildFile; fileRef = 663C7E282E6FEE2500967B9E /* CameraViewModel.swift */; };
		663C7E2B2E70EF0C00967B9E /* ImageInfoViewModel.swift in Sources */ = {isa = PBXBuildFile; fileRef = 663C7E2A2E70EF0C00967B9E /* ImageInfoViewModel.swift */; };
		663C7E2D2E70F2E900967B9E /* EnhancedPhotoDetailViewModel.swift in Sources */ = {isa = PBXBuildFile; fileRef = 663C7E2C2E70F2E900967B9E /* EnhancedPhotoDetailViewModel.swift */; };
		663C7E2F2E71121C00967B9E /* PrepareForSharingUseCase.swift in Sources */ = {isa = PBXBuildFile; fileRef = 663C7E2E2E71121600967B9E /* PrepareForSharingUseCase.swift */; };
		663C7E312E712E9000967B9E /* HardwareEncryptionScheme.swift in Sources */ = {isa = PBXBuildFile; fileRef = 663C7E302E712E9000967B9E /* HardwareEncryptionScheme.swift */; };
		663C7E342E7153CA00967B9E /* Logging in Frameworks */ = {isa = PBXBuildFile; productRef = 663C7E332E7153CA00967B9E /* Logging */; };
		663C7E3D2E71542E00967B9E /* LoggingConfiguration.swift in Sources */ = {isa = PBXBuildFile; fileRef = 663C7E3B2E71542E00967B9E /* LoggingConfiguration.swift */; };
		663C7E3E2E71542E00967B9E /* Logger+Extensions.swift in Sources */ = {isa = PBXBuildFile; fileRef = 663C7E3A2E71542E00967B9E /* Logger+Extensions.swift */; };
		663C7E422E7289C300967B9E /* PhotoObfuscationView.swift in Sources */ = {isa = PBXBuildFile; fileRef = 663C7E3F2E7289C300967B9E /* PhotoObfuscationView.swift */; };
		663C7E432E7289C300967B9E /* PhotoObfuscationViewModel.swift in Sources */ = {isa = PBXBuildFile; fileRef = 663C7E402E7289C300967B9E /* PhotoObfuscationViewModel.swift */; };
		663C7E482E728B2A00967B9E /* FaceBoxView.swift in Sources */ = {isa = PBXBuildFile; fileRef = 663C7E442E728B2A00967B9E /* FaceBoxView.swift */; };
		663C7E492E728B2A00967B9E /* FaceDetectionOverlay.swift in Sources */ = {isa = PBXBuildFile; fileRef = 663C7E462E728B2A00967B9E /* FaceDetectionOverlay.swift */; };
		663C7E4A2E728B2A00967B9E /* FaceDetectionControlsView.swift in Sources */ = {isa = PBXBuildFile; fileRef = 663C7E452E728B2A00967B9E /* FaceDetectionControlsView.swift */; };
		663C7E4C2E729DF800967B9E /* VerifyPinUseCase.swift in Sources */ = {isa = PBXBuildFile; fileRef = 663C7E4B2E729DF800967B9E /* VerifyPinUseCase.swift */; };
		663C7E4E2E73DB3100967B9E /* CreatePoisonPillUseCase.swift in Sources */ = {isa = PBXBuildFile; fileRef = 663C7E4D2E73DB2200967B9E /* CreatePoisonPillUseCase.swift */; };
		663C7E542E73FA3100967B9E /* PoisonPillSetupWizardViewModel.swift in Sources */ = {isa = PBXBuildFile; fileRef = 663C7E522E73FA3100967B9E /* PoisonPillSetupWizardViewModel.swift */; };
		663C7E552E73FA3100967B9E /* PoisonPillPinCreationView.swift in Sources */ = {isa = PBXBuildFile; fileRef = 663C7E502E73FA3100967B9E /* PoisonPillPinCreationView.swift */; };
		663C7E562E73FA3100967B9E /* PoisonPillSetupWizardView.swift in Sources */ = {isa = PBXBuildFile; fileRef = 663C7E512E73FA3100967B9E /* PoisonPillSetupWizardView.swift */; };
		663C7E572E73FA3100967B9E /* PoisonPillExplanationView.swift in Sources */ = {isa = PBXBuildFile; fileRef = 663C7E4F2E73FA3100967B9E /* PoisonPillExplanationView.swift */; };
		663C7E592E752CF900967B9E /* ExplanationStep.swift in Sources */ = {isa = PBXBuildFile; fileRef = 663C7E582E752CF900967B9E /* ExplanationStep.swift */; };
		6660FC3F2E76952700C0B617 /* PINSetupIntroView.swift in Sources */ = {isa = PBXBuildFile; fileRef = 6660FC3D2E76952700C0B617 /* PINSetupIntroView.swift */; };
		6660FC412E76984E00C0B617 /* IntroductionSlide.swift in Sources */ = {isa = PBXBuildFile; fileRef = 6660FC402E76984E00C0B617 /* IntroductionSlide.swift */; };
		6660FC432E76989300C0B617 /* IntroductionSlideView.swift in Sources */ = {isa = PBXBuildFile; fileRef = 6660FC422E76989300C0B617 /* IntroductionSlideView.swift */; };
		6660FC452E77CE4B00C0B617 /* RemoveDecoyPhotoUseCase.swift in Sources */ = {isa = PBXBuildFile; fileRef = 6660FC442E77CE4000C0B617 /* RemoveDecoyPhotoUseCase.swift */; };
		6660FC4E2E83736200C0B617 /* FileBasedSettingsDataSource.swift in Sources */ = {isa = PBXBuildFile; fileRef = 6660FC4D2E83736200C0B617 /* FileBasedSettingsDataSource.swift */; };
		6660FC5F2E850E9200C0B617 /* AboutViewModel.swift in Sources */ = {isa = PBXBuildFile; fileRef = 6660FC5D2E850E9200C0B617 /* AboutViewModel.swift */; };
		6660FC602E850E9200C0B617 /* AboutView.swift in Sources */ = {isa = PBXBuildFile; fileRef = 6660FC5C2E850E9200C0B617 /* AboutView.swift */; };
		667FF80E2E6A9D3000FB3E02 /* AuthorizationRepositoryTests.swift in Sources */ = {isa = PBXBuildFile; fileRef = 667FF80D2E6A9D2A00FB3E02 /* AuthorizationRepositoryTests.swift */; };
		667FF8102E6A9EE600FB3E02 /* Clock.swift in Sources */ = {isa = PBXBuildFile; fileRef = 667FF80F2E6A9EE600FB3E02 /* Clock.swift */; };
		667FF8122E6BA7F200FB3E02 /* AuthorizePinUseCaseTests.swift in Sources */ = {isa = PBXBuildFile; fileRef = 667FF8112E6BA7F200FB3E02 /* AuthorizePinUseCaseTests.swift */; };
		667FF8152E6BB00900FB3E02 /* PINSetupViewModel.swift in Sources */ = {isa = PBXBuildFile; fileRef = 667FF8142E6BB00900FB3E02 /* PINSetupViewModel.swift */; };
		667FF8172E6C9C9B00FB3E02 /* CameraView.swift in Sources */ = {isa = PBXBuildFile; fileRef = 667FF8162E6C9C9900FB3E02 /* CameraView.swift */; };
		667FF8192E6C9CF600FB3E02 /* UIImageExt.swift in Sources */ = {isa = PBXBuildFile; fileRef = 667FF8182E6C9CF400FB3E02 /* UIImageExt.swift */; };
		667FF81B2E6C9D1800FB3E02 /* PhotoCell.swift in Sources */ = {isa = PBXBuildFile; fileRef = 667FF81A2E6C9D1400FB3E02 /* PhotoCell.swift */; };
		667FF8292E6CAE1000FB3E02 /* CombineExt.swift in Sources */ = {isa = PBXBuildFile; fileRef = 667FF8282E6CAE0C00FB3E02 /* CombineExt.swift */; };
		667FF82B2E6CB78000FB3E02 /* getRotationAngle.swift in Sources */ = {isa = PBXBuildFile; fileRef = 667FF82A2E6CB1C400FB3E02 /* getRotationAngle.swift */; };
		667FF82D2E6CC06900FB3E02 /* SettingsViewModel.swift in Sources */ = {isa = PBXBuildFile; fileRef = 667FF82C2E6CC06900FB3E02 /* SettingsViewModel.swift */; };
		667FF82F2E6CC33B00FB3E02 /* SecureGalleryViewModel.swift in Sources */ = {isa = PBXBuildFile; fileRef = 667FF82E2E6CC33B00FB3E02 /* SecureGalleryViewModel.swift */; };
		667FF8312E6CD94500FB3E02 /* PINVerificationViewModel.swift in Sources */ = {isa = PBXBuildFile; fileRef = 667FF8302E6CD94500FB3E02 /* PINVerificationViewModel.swift */; };
		667FF8332E6D0FF800FB3E02 /* ContentView.swift in Sources */ = {isa = PBXBuildFile; fileRef = 667FF8322E6D0FF800FB3E02 /* ContentView.swift */; };
		667FF8352E6D101300FB3E02 /* AppNavigation.swift in Sources */ = {isa = PBXBuildFile; fileRef = 667FF8342E6D101300FB3E02 /* AppNavigation.swift */; };
		667FF83B2E6D142200FB3E02 /* ContentViewModel.swift in Sources */ = {isa = PBXBuildFile; fileRef = 667FF83A2E6D142200FB3E02 /* ContentViewModel.swift */; };
		667FF83D2E6D16C700FB3E02 /* CameraContainerView.swift in Sources */ = {isa = PBXBuildFile; fileRef = 667FF83C2E6D16C700FB3E02 /* CameraContainerView.swift */; };
		669751302E69789F0059C5F3 /* TestUtils.swift in Sources */ = {isa = PBXBuildFile; fileRef = 6697512F2E69789A0059C5F3 /* TestUtils.swift */; };
		669751332E6A63D30059C5F3 /* AuthorizePinUseCase.swift in Sources */ = {isa = PBXBuildFile; fileRef = 669751322E6A63D30059C5F3 /* AuthorizePinUseCase.swift */; };
		669751352E6A64330059C5F3 /* CreatePinUseCase.swift in Sources */ = {isa = PBXBuildFile; fileRef = 669751342E6A642A0059C5F3 /* CreatePinUseCase.swift */; };
		66A404C92E67EAF90054FFE7 /* Argon2Kit in Frameworks */ = {isa = PBXBuildFile; productRef = 66A404C82E67EAF90054FFE7 /* Argon2Kit */; };
		66A404CB2E67EB7F0054FFE7 /* PinCrypto.swift in Sources */ = {isa = PBXBuildFile; fileRef = 66A404CA2E67EB7F0054FFE7 /* PinCrypto.swift */; };
		66A404CD2E67F0960054FFE7 /* DataExt.swift in Sources */ = {isa = PBXBuildFile; fileRef = 66A404CC2E67F0960054FFE7 /* DataExt.swift */; };
		66A404D12E67F39F0054FFE7 /* PinCryptoTests.swift in Sources */ = {isa = PBXBuildFile; fileRef = 66A404D02E67F39F0054FFE7 /* PinCryptoTests.swift */; };
		66A404D32E67FD720054FFE7 /* PinRepository.swift in Sources */ = {isa = PBXBuildFile; fileRef = 66A404D22E67FD720054FFE7 /* PinRepository.swift */; };
		66A404D52E6800840054FFE7 /* PinRepositoryImpl.swift in Sources */ = {isa = PBXBuildFile; fileRef = 66A404D42E6800840054FFE7 /* PinRepositoryImpl.swift */; };
		66A404D72E694A450054FFE7 /* PinRepositoryTest.swift in Sources */ = {isa = PBXBuildFile; fileRef = 66A404D62E694A450054FFE7 /* PinRepositoryTest.swift */; };
		66A404DA2E694E2C0054FFE7 /* Mockable in Frameworks */ = {isa = PBXBuildFile; productRef = 66A404D92E694E2C0054FFE7 /* Mockable */; };
		66A404DC2E69537E0054FFE7 /* Mockable in Frameworks */ = {isa = PBXBuildFile; productRef = 66A404DB2E69537E0054FFE7 /* Mockable */; };
		66DE21CF2E69750C00AC94DA /* Json.swift in Sources */ = {isa = PBXBuildFile; fileRef = 66DE21CE2E69750600AC94DA /* Json.swift */; };
		A91DBC542DE58191001F42ED /* AppearanceMode.swift in Sources */ = {isa = PBXBuildFile; fileRef = A91DBC252DE58191001F42ED /* AppearanceMode.swift */; };
		A91DBC552DE58191001F42ED /* DetectedFace.swift in Sources */ = {isa = PBXBuildFile; fileRef = A91DBC262DE58191001F42ED /* DetectedFace.swift */; };
		A91DBC562DE58191001F42ED /* MaskMode.swift in Sources */ = {isa = PBXBuildFile; fileRef = A91DBC272DE58191001F42ED /* MaskMode.swift */; };
		A91DBC5D2DE58191001F42ED /* PhotoControlsView.swift in Sources */ = {isa = PBXBuildFile; fileRef = A91DBC312DE58191001F42ED /* PhotoControlsView.swift */; };
		A91DBC5E2DE58191001F42ED /* ZoomableImageView.swift in Sources */ = {isa = PBXBuildFile; fileRef = A91DBC322DE58191001F42ED /* ZoomableImageView.swift */; };
		A91DBC5F2DE58191001F42ED /* ZoomLevelIndicator.swift in Sources */ = {isa = PBXBuildFile; fileRef = A91DBC332DE58191001F42ED /* ZoomLevelIndicator.swift */; };
		A91DBC602DE58191001F42ED /* ZoomableModifier.swift in Sources */ = {isa = PBXBuildFile; fileRef = A91DBC352DE58191001F42ED /* ZoomableModifier.swift */; };
		A91DBC612DE58191001F42ED /* EnhancedPhotoDetailView.swift in Sources */ = {isa = PBXBuildFile; fileRef = A91DBC372DE58191001F42ED /* EnhancedPhotoDetailView.swift */; };
		A91DBC622DE58191001F42ED /* ImageInfoView.swift in Sources */ = {isa = PBXBuildFile; fileRef = A91DBC382DE58191001F42ED /* ImageInfoView.swift */; };
		A91DBC642DE58191001F42ED /* PhotoDetailView.swift in Sources */ = {isa = PBXBuildFile; fileRef = A91DBC3A2DE58191001F42ED /* PhotoDetailView.swift */; };
		A91DBC652DE58191001F42ED /* PhotoDetailViewModel.swift in Sources */ = {isa = PBXBuildFile; fileRef = A91DBC3B2DE58191001F42ED /* PhotoDetailViewModel.swift */; };
		A91DBC692DE58191001F42ED /* CamControl.swift in Sources */ = {isa = PBXBuildFile; fileRef = A91DBC422DE58191001F42ED /* CamControl.swift */; };
		A91DBC6D2DE58191001F42ED /* FaceDetector.swift in Sources */ = {isa = PBXBuildFile; fileRef = A91DBC462DE58191001F42ED /* FaceDetector.swift */; };
		A91DBC702DE58191001F42ED /* LocationRepository.swift in Sources */ = {isa = PBXBuildFile; fileRef = A91DBC492DE58191001F42ED /* LocationRepository.swift */; };
		A91DBC732DE58191001F42ED /* PINSetupView.swift in Sources */ = {isa = PBXBuildFile; fileRef = A91DBC4C2DE58191001F42ED /* PINSetupView.swift */; };
		A91DBC742DE58191001F42ED /* PINVerificationView.swift in Sources */ = {isa = PBXBuildFile; fileRef = A91DBC4D2DE58191001F42ED /* PINVerificationView.swift */; };
		A91DBC752DE58191001F42ED /* PrivacyShield.swift in Sources */ = {isa = PBXBuildFile; fileRef = A91DBC4E2DE58191001F42ED /* PrivacyShield.swift */; };
		A91DBC762DE58191001F42ED /* ScreenCaptureManager.swift in Sources */ = {isa = PBXBuildFile; fileRef = A91DBC4F2DE58191001F42ED /* ScreenCaptureManager.swift */; };
		A91DBC772DE58191001F42ED /* SecureGalleryView.swift in Sources */ = {isa = PBXBuildFile; fileRef = A91DBC502DE58191001F42ED /* SecureGalleryView.swift */; };
		A91DBC782DE58191001F42ED /* SettingsView.swift in Sources */ = {isa = PBXBuildFile; fileRef = A91DBC512DE58191001F42ED /* SettingsView.swift */; };
		A91DBC792DE58191001F42ED /* SnapSafeApp.swift in Sources */ = {isa = PBXBuildFile; fileRef = A91DBC522DE58191001F42ED /* SnapSafeApp.swift */; };
		A91DBC7A2DE58191001F42ED /* Preview Assets.xcassets in Resources */ = {isa = PBXBuildFile; fileRef = A91DBC2C2DE58191001F42ED /* Preview Assets.xcassets */; };
		A91DBC7B2DE58191001F42ED /* Assets.xcassets in Resources */ = {isa = PBXBuildFile; fileRef = A91DBC3F2DE58191001F42ED /* Assets.xcassets */; };
		A9E6B6962E6E47B500BB6F19 /* ThumbnailCache.swift in Sources */ = {isa = PBXBuildFile; fileRef = A9E6B6942E6E47B500BB6F19 /* ThumbnailCache.swift */; };
		A9E6B6972E6E47B500BB6F19 /* SecureImageRepository.swift in Sources */ = {isa = PBXBuildFile; fileRef = A9E6B6932E6E47B500BB6F19 /* SecureImageRepository.swift */; };
		A9E6B6992E6E47E700BB6F19 /* PhotoDef.swift in Sources */ = {isa = PBXBuildFile; fileRef = A9E6B6982E6E47E700BB6F19 /* PhotoDef.swift */; };
		A9E6B69B2E6E487400BB6F19 /* PhotoMetaData.swift in Sources */ = {isa = PBXBuildFile; fileRef = A9E6B69A2E6E487400BB6F19 /* PhotoMetaData.swift */; };
		A9E6B6AF2E6EAD3D00BB6F19 /* SecurityOverlayViewModel.swift in Sources */ = {isa = PBXBuildFile; fileRef = A9E6B6AE2E6EAD3D00BB6F19 /* SecurityOverlayViewModel.swift */; };
		A9E6B6B12E6EAE3500BB6F19 /* SecurityOverlayView.swift in Sources */ = {isa = PBXBuildFile; fileRef = A9E6B6B02E6EAE3500BB6F19 /* SecurityOverlayView.swift */; };
		A9E6B6B52E7247D300BB6F19 /* Localizable.xcstrings in Resources */ = {isa = PBXBuildFile; fileRef = A9E6B6B42E7247D300BB6F19 /* Localizable.xcstrings */; };
		A9E6B6B62E7247D300BB6F19 /* Localizable.xcstrings in Resources */ = {isa = PBXBuildFile; fileRef = A9E6B6B42E7247D300BB6F19 /* Localizable.xcstrings */; };
		A9E6B6B72E7247D300BB6F19 /* Localizable.xcstrings in Resources */ = {isa = PBXBuildFile; fileRef = A9E6B6B42E7247D300BB6F19 /* Localizable.xcstrings */; };
/* End PBXBuildFile section */

/* Begin PBXContainerItemProxy section */
		A9DE37582DC5F34600679C2C /* PBXContainerItemProxy */ = {
			isa = PBXContainerItemProxy;
			containerPortal = A9DE373F2DC5F34400679C2C /* Project object */;
			proxyType = 1;
			remoteGlobalIDString = A9DE37462DC5F34400679C2C;
			remoteInfo = SnapSafe;
		};
		A9DE37622DC5F34600679C2C /* PBXContainerItemProxy */ = {
			isa = PBXContainerItemProxy;
			containerPortal = A9DE373F2DC5F34400679C2C /* Project object */;
			proxyType = 1;
			remoteGlobalIDString = A9DE37462DC5F34400679C2C;
			remoteInfo = SnapSafe;
		};
/* End PBXContainerItemProxy section */

/* Begin PBXFileReference section */
		660130A82E67753600D07E9C /* AppDependencyInjection.swift */ = {isa = PBXFileReference; lastKnownFileType = sourcecode.swift; path = AppDependencyInjection.swift; sourceTree = "<group>"; };
		660130B62E67AD1D00D07E9C /* AuthorizationRepository.swift */ = {isa = PBXFileReference; lastKnownFileType = sourcecode.swift; path = AuthorizationRepository.swift; sourceTree = "<group>"; };
		660130B82E67AD1D00D07E9C /* EncryptionScheme.swift */ = {isa = PBXFileReference; lastKnownFileType = sourcecode.swift; path = EncryptionScheme.swift; sourceTree = "<group>"; };
		660130B92E67AD1D00D07E9C /* HashedPin.swift */ = {isa = PBXFileReference; lastKnownFileType = sourcecode.swift; path = HashedPin.swift; sourceTree = "<group>"; };
		660130BA2E67AD1D00D07E9C /* PassThroughEncryptionScheme.swift */ = {isa = PBXFileReference; lastKnownFileType = sourcecode.swift; path = PassThroughEncryptionScheme.swift; sourceTree = "<group>"; };
		660130C12E67AD2200D07E9C /* SettingsDataSource.swift */ = {isa = PBXFileReference; lastKnownFileType = sourcecode.swift; path = SettingsDataSource.swift; sourceTree = "<group>"; };
		660130C22E67AD2200D07E9C /* UserDefaultsSettingsDataSource.swift */ = {isa = PBXFileReference; lastKnownFileType = sourcecode.swift; path = UserDefaultsSettingsDataSource.swift; sourceTree = "<group>"; };
		660130C62E67AD3A00D07E9C /* DeviceInfoDataSource.swift */ = {isa = PBXFileReference; lastKnownFileType = sourcecode.swift; path = DeviceInfoDataSource.swift; sourceTree = "<group>"; };
		663C7E1E2E6FED9A00967B9E /* AddDecoyPhotoUseCase.swift */ = {isa = PBXFileReference; lastKnownFileType = sourcecode.swift; path = AddDecoyPhotoUseCase.swift; sourceTree = "<group>"; };
		663C7E1F2E6FED9A00967B9E /* InvalidateSessionUseCase.swift */ = {isa = PBXFileReference; lastKnownFileType = sourcecode.swift; path = InvalidateSessionUseCase.swift; sourceTree = "<group>"; };
		663C7E202E6FED9A00967B9E /* PinStrengthCheckUseCase.swift */ = {isa = PBXFileReference; lastKnownFileType = sourcecode.swift; path = PinStrengthCheckUseCase.swift; sourceTree = "<group>"; };
		663C7E212E6FED9A00967B9E /* RemovePoisonPillIUseCase.swift */ = {isa = PBXFileReference; lastKnownFileType = sourcecode.swift; path = RemovePoisonPillIUseCase.swift; sourceTree = "<group>"; };
		663C7E222E6FED9A00967B9E /* SecurityResetUseCase.swift */ = {isa = PBXFileReference; lastKnownFileType = sourcecode.swift; path = SecurityResetUseCase.swift; sourceTree = "<group>"; };
		663C7E282E6FEE2500967B9E /* CameraViewModel.swift */ = {isa = PBXFileReference; lastKnownFileType = sourcecode.swift; path = CameraViewModel.swift; sourceTree = "<group>"; };
		663C7E2A2E70EF0C00967B9E /* ImageInfoViewModel.swift */ = {isa = PBXFileReference; lastKnownFileType = sourcecode.swift; path = ImageInfoViewModel.swift; sourceTree = "<group>"; };
		663C7E2C2E70F2E900967B9E /* EnhancedPhotoDetailViewModel.swift */ = {isa = PBXFileReference; lastKnownFileType = sourcecode.swift; path = EnhancedPhotoDetailViewModel.swift; sourceTree = "<group>"; };
		663C7E2E2E71121600967B9E /* PrepareForSharingUseCase.swift */ = {isa = PBXFileReference; lastKnownFileType = sourcecode.swift; path = PrepareForSharingUseCase.swift; sourceTree = "<group>"; };
		663C7E302E712E9000967B9E /* HardwareEncryptionScheme.swift */ = {isa = PBXFileReference; lastKnownFileType = sourcecode.swift; path = HardwareEncryptionScheme.swift; sourceTree = "<group>"; };
		663C7E3A2E71542E00967B9E /* Logger+Extensions.swift */ = {isa = PBXFileReference; lastKnownFileType = sourcecode.swift; path = "Logger+Extensions.swift"; sourceTree = "<group>"; };
		663C7E3B2E71542E00967B9E /* LoggingConfiguration.swift */ = {isa = PBXFileReference; lastKnownFileType = sourcecode.swift; path = LoggingConfiguration.swift; sourceTree = "<group>"; };
		663C7E3F2E7289C300967B9E /* PhotoObfuscationView.swift */ = {isa = PBXFileReference; lastKnownFileType = sourcecode.swift; path = PhotoObfuscationView.swift; sourceTree = "<group>"; };
		663C7E402E7289C300967B9E /* PhotoObfuscationViewModel.swift */ = {isa = PBXFileReference; lastKnownFileType = sourcecode.swift; path = PhotoObfuscationViewModel.swift; sourceTree = "<group>"; };
		663C7E442E728B2A00967B9E /* FaceBoxView.swift */ = {isa = PBXFileReference; lastKnownFileType = sourcecode.swift; path = FaceBoxView.swift; sourceTree = "<group>"; };
		663C7E452E728B2A00967B9E /* FaceDetectionControlsView.swift */ = {isa = PBXFileReference; lastKnownFileType = sourcecode.swift; path = FaceDetectionControlsView.swift; sourceTree = "<group>"; };
		663C7E462E728B2A00967B9E /* FaceDetectionOverlay.swift */ = {isa = PBXFileReference; lastKnownFileType = sourcecode.swift; path = FaceDetectionOverlay.swift; sourceTree = "<group>"; };
		663C7E4B2E729DF800967B9E /* VerifyPinUseCase.swift */ = {isa = PBXFileReference; lastKnownFileType = sourcecode.swift; path = VerifyPinUseCase.swift; sourceTree = "<group>"; };
		663C7E4D2E73DB2200967B9E /* CreatePoisonPillUseCase.swift */ = {isa = PBXFileReference; lastKnownFileType = sourcecode.swift; path = CreatePoisonPillUseCase.swift; sourceTree = "<group>"; };
		663C7E4F2E73FA3100967B9E /* PoisonPillExplanationView.swift */ = {isa = PBXFileReference; lastKnownFileType = sourcecode.swift; path = PoisonPillExplanationView.swift; sourceTree = "<group>"; };
		663C7E502E73FA3100967B9E /* PoisonPillPinCreationView.swift */ = {isa = PBXFileReference; lastKnownFileType = sourcecode.swift; path = PoisonPillPinCreationView.swift; sourceTree = "<group>"; };
		663C7E512E73FA3100967B9E /* PoisonPillSetupWizardView.swift */ = {isa = PBXFileReference; lastKnownFileType = sourcecode.swift; path = PoisonPillSetupWizardView.swift; sourceTree = "<group>"; };
		663C7E522E73FA3100967B9E /* PoisonPillSetupWizardViewModel.swift */ = {isa = PBXFileReference; lastKnownFileType = sourcecode.swift; path = PoisonPillSetupWizardViewModel.swift; sourceTree = "<group>"; };
		663C7E582E752CF900967B9E /* ExplanationStep.swift */ = {isa = PBXFileReference; lastKnownFileType = sourcecode.swift; path = ExplanationStep.swift; sourceTree = "<group>"; };
		6660FC3D2E76952700C0B617 /* PINSetupIntroView.swift */ = {isa = PBXFileReference; lastKnownFileType = sourcecode.swift; path = PINSetupIntroView.swift; sourceTree = "<group>"; };
		6660FC402E76984E00C0B617 /* IntroductionSlide.swift */ = {isa = PBXFileReference; lastKnownFileType = sourcecode.swift; path = IntroductionSlide.swift; sourceTree = "<group>"; };
		6660FC422E76989300C0B617 /* IntroductionSlideView.swift */ = {isa = PBXFileReference; lastKnownFileType = sourcecode.swift; path = IntroductionSlideView.swift; sourceTree = "<group>"; };
		6660FC442E77CE4000C0B617 /* RemoveDecoyPhotoUseCase.swift */ = {isa = PBXFileReference; lastKnownFileType = sourcecode.swift; path = RemoveDecoyPhotoUseCase.swift; sourceTree = "<group>"; };
		6660FC4D2E83736200C0B617 /* FileBasedSettingsDataSource.swift */ = {isa = PBXFileReference; lastKnownFileType = sourcecode.swift; path = FileBasedSettingsDataSource.swift; sourceTree = "<group>"; };
		6660FC5C2E850E9200C0B617 /* AboutView.swift */ = {isa = PBXFileReference; lastKnownFileType = sourcecode.swift; path = AboutView.swift; sourceTree = "<group>"; };
		6660FC5D2E850E9200C0B617 /* AboutViewModel.swift */ = {isa = PBXFileReference; lastKnownFileType = sourcecode.swift; path = AboutViewModel.swift; sourceTree = "<group>"; };
		667FF80D2E6A9D2A00FB3E02 /* AuthorizationRepositoryTests.swift */ = {isa = PBXFileReference; lastKnownFileType = sourcecode.swift; path = AuthorizationRepositoryTests.swift; sourceTree = "<group>"; };
		667FF80F2E6A9EE600FB3E02 /* Clock.swift */ = {isa = PBXFileReference; lastKnownFileType = sourcecode.swift; path = Clock.swift; sourceTree = "<group>"; };
		667FF8112E6BA7F200FB3E02 /* AuthorizePinUseCaseTests.swift */ = {isa = PBXFileReference; lastKnownFileType = sourcecode.swift; path = AuthorizePinUseCaseTests.swift; sourceTree = "<group>"; };
		667FF8142E6BB00900FB3E02 /* PINSetupViewModel.swift */ = {isa = PBXFileReference; lastKnownFileType = sourcecode.swift; path = PINSetupViewModel.swift; sourceTree = "<group>"; };
		667FF8162E6C9C9900FB3E02 /* CameraView.swift */ = {isa = PBXFileReference; lastKnownFileType = sourcecode.swift; path = CameraView.swift; sourceTree = "<group>"; };
		667FF8182E6C9CF400FB3E02 /* UIImageExt.swift */ = {isa = PBXFileReference; lastKnownFileType = sourcecode.swift; path = UIImageExt.swift; sourceTree = "<group>"; };
		667FF81A2E6C9D1400FB3E02 /* PhotoCell.swift */ = {isa = PBXFileReference; lastKnownFileType = sourcecode.swift; path = PhotoCell.swift; sourceTree = "<group>"; };
		667FF8282E6CAE0C00FB3E02 /* CombineExt.swift */ = {isa = PBXFileReference; lastKnownFileType = sourcecode.swift; path = CombineExt.swift; sourceTree = "<group>"; };
		667FF82A2E6CB1C400FB3E02 /* getRotationAngle.swift */ = {isa = PBXFileReference; lastKnownFileType = sourcecode.swift; path = getRotationAngle.swift; sourceTree = "<group>"; };
		667FF82C2E6CC06900FB3E02 /* SettingsViewModel.swift */ = {isa = PBXFileReference; lastKnownFileType = sourcecode.swift; path = SettingsViewModel.swift; sourceTree = "<group>"; };
		667FF82E2E6CC33B00FB3E02 /* SecureGalleryViewModel.swift */ = {isa = PBXFileReference; lastKnownFileType = sourcecode.swift; path = SecureGalleryViewModel.swift; sourceTree = "<group>"; };
		667FF8302E6CD94500FB3E02 /* PINVerificationViewModel.swift */ = {isa = PBXFileReference; lastKnownFileType = sourcecode.swift; path = PINVerificationViewModel.swift; sourceTree = "<group>"; };
		667FF8322E6D0FF800FB3E02 /* ContentView.swift */ = {isa = PBXFileReference; lastKnownFileType = sourcecode.swift; path = ContentView.swift; sourceTree = "<group>"; };
		667FF8342E6D101300FB3E02 /* AppNavigation.swift */ = {isa = PBXFileReference; lastKnownFileType = sourcecode.swift; path = AppNavigation.swift; sourceTree = "<group>"; };
		667FF83A2E6D142200FB3E02 /* ContentViewModel.swift */ = {isa = PBXFileReference; lastKnownFileType = sourcecode.swift; path = ContentViewModel.swift; sourceTree = "<group>"; };
		667FF83C2E6D16C700FB3E02 /* CameraContainerView.swift */ = {isa = PBXFileReference; lastKnownFileType = sourcecode.swift; path = CameraContainerView.swift; sourceTree = "<group>"; };
		6697512F2E69789A0059C5F3 /* TestUtils.swift */ = {isa = PBXFileReference; lastKnownFileType = sourcecode.swift; path = TestUtils.swift; sourceTree = "<group>"; };
		669751322E6A63D30059C5F3 /* AuthorizePinUseCase.swift */ = {isa = PBXFileReference; lastKnownFileType = sourcecode.swift; path = AuthorizePinUseCase.swift; sourceTree = "<group>"; };
		669751342E6A642A0059C5F3 /* CreatePinUseCase.swift */ = {isa = PBXFileReference; lastKnownFileType = sourcecode.swift; path = CreatePinUseCase.swift; sourceTree = "<group>"; };
		66A404CA2E67EB7F0054FFE7 /* PinCrypto.swift */ = {isa = PBXFileReference; lastKnownFileType = sourcecode.swift; path = PinCrypto.swift; sourceTree = "<group>"; };
		66A404CC2E67F0960054FFE7 /* DataExt.swift */ = {isa = PBXFileReference; lastKnownFileType = sourcecode.swift; path = DataExt.swift; sourceTree = "<group>"; };
		66A404D02E67F39F0054FFE7 /* PinCryptoTests.swift */ = {isa = PBXFileReference; lastKnownFileType = sourcecode.swift; path = PinCryptoTests.swift; sourceTree = "<group>"; };
		66A404D22E67FD720054FFE7 /* PinRepository.swift */ = {isa = PBXFileReference; lastKnownFileType = sourcecode.swift; path = PinRepository.swift; sourceTree = "<group>"; };
		66A404D42E6800840054FFE7 /* PinRepositoryImpl.swift */ = {isa = PBXFileReference; lastKnownFileType = sourcecode.swift; path = PinRepositoryImpl.swift; sourceTree = "<group>"; };
		66A404D62E694A450054FFE7 /* PinRepositoryTest.swift */ = {isa = PBXFileReference; lastKnownFileType = sourcecode.swift; path = PinRepositoryTest.swift; sourceTree = "<group>"; };
		66DE21CE2E69750600AC94DA /* Json.swift */ = {isa = PBXFileReference; lastKnownFileType = sourcecode.swift; path = Json.swift; sourceTree = "<group>"; };
		A91DBB422DE41BAE001F42ED /* SnapSafe.xctestplan */ = {isa = PBXFileReference; lastKnownFileType = text; path = SnapSafe.xctestplan; sourceTree = "<group>"; };
		A91DBC252DE58191001F42ED /* AppearanceMode.swift */ = {isa = PBXFileReference; lastKnownFileType = sourcecode.swift; path = AppearanceMode.swift; sourceTree = "<group>"; };
		A91DBC262DE58191001F42ED /* DetectedFace.swift */ = {isa = PBXFileReference; lastKnownFileType = sourcecode.swift; path = DetectedFace.swift; sourceTree = "<group>"; };
		A91DBC272DE58191001F42ED /* MaskMode.swift */ = {isa = PBXFileReference; lastKnownFileType = sourcecode.swift; path = MaskMode.swift; sourceTree = "<group>"; };
		A91DBC2C2DE58191001F42ED /* Preview Assets.xcassets */ = {isa = PBXFileReference; lastKnownFileType = folder.assetcatalog; path = "Preview Assets.xcassets"; sourceTree = "<group>"; };
		A91DBC312DE58191001F42ED /* PhotoControlsView.swift */ = {isa = PBXFileReference; lastKnownFileType = sourcecode.swift; path = PhotoControlsView.swift; sourceTree = "<group>"; };
		A91DBC322DE58191001F42ED /* ZoomableImageView.swift */ = {isa = PBXFileReference; lastKnownFileType = sourcecode.swift; path = ZoomableImageView.swift; sourceTree = "<group>"; };
		A91DBC332DE58191001F42ED /* ZoomLevelIndicator.swift */ = {isa = PBXFileReference; lastKnownFileType = sourcecode.swift; path = ZoomLevelIndicator.swift; sourceTree = "<group>"; };
		A91DBC352DE58191001F42ED /* ZoomableModifier.swift */ = {isa = PBXFileReference; lastKnownFileType = sourcecode.swift; path = ZoomableModifier.swift; sourceTree = "<group>"; };
		A91DBC372DE58191001F42ED /* EnhancedPhotoDetailView.swift */ = {isa = PBXFileReference; lastKnownFileType = sourcecode.swift; path = EnhancedPhotoDetailView.swift; sourceTree = "<group>"; };
		A91DBC382DE58191001F42ED /* ImageInfoView.swift */ = {isa = PBXFileReference; lastKnownFileType = sourcecode.swift; path = ImageInfoView.swift; sourceTree = "<group>"; };
		A91DBC3A2DE58191001F42ED /* PhotoDetailView.swift */ = {isa = PBXFileReference; lastKnownFileType = sourcecode.swift; path = PhotoDetailView.swift; sourceTree = "<group>"; };
		A91DBC3B2DE58191001F42ED /* PhotoDetailViewModel.swift */ = {isa = PBXFileReference; lastKnownFileType = sourcecode.swift; path = PhotoDetailViewModel.swift; sourceTree = "<group>"; };
		A91DBC3F2DE58191001F42ED /* Assets.xcassets */ = {isa = PBXFileReference; lastKnownFileType = folder.assetcatalog; path = Assets.xcassets; sourceTree = "<group>"; };
		A91DBC422DE58191001F42ED /* CamControl.swift */ = {isa = PBXFileReference; lastKnownFileType = sourcecode.swift; path = CamControl.swift; sourceTree = "<group>"; };
		A91DBC462DE58191001F42ED /* FaceDetector.swift */ = {isa = PBXFileReference; lastKnownFileType = sourcecode.swift; path = FaceDetector.swift; sourceTree = "<group>"; };
		A91DBC492DE58191001F42ED /* LocationRepository.swift */ = {isa = PBXFileReference; lastKnownFileType = sourcecode.swift; path = LocationRepository.swift; sourceTree = "<group>"; };
		A91DBC4C2DE58191001F42ED /* PINSetupView.swift */ = {isa = PBXFileReference; lastKnownFileType = sourcecode.swift; path = PINSetupView.swift; sourceTree = "<group>"; };
		A91DBC4D2DE58191001F42ED /* PINVerificationView.swift */ = {isa = PBXFileReference; lastKnownFileType = sourcecode.swift; path = PINVerificationView.swift; sourceTree = "<group>"; };
		A91DBC4E2DE58191001F42ED /* PrivacyShield.swift */ = {isa = PBXFileReference; lastKnownFileType = sourcecode.swift; path = PrivacyShield.swift; sourceTree = "<group>"; };
		A91DBC4F2DE58191001F42ED /* ScreenCaptureManager.swift */ = {isa = PBXFileReference; lastKnownFileType = sourcecode.swift; path = ScreenCaptureManager.swift; sourceTree = "<group>"; };
		A91DBC502DE58191001F42ED /* SecureGalleryView.swift */ = {isa = PBXFileReference; lastKnownFileType = sourcecode.swift; path = SecureGalleryView.swift; sourceTree = "<group>"; };
		A91DBC512DE58191001F42ED /* SettingsView.swift */ = {isa = PBXFileReference; lastKnownFileType = sourcecode.swift; path = SettingsView.swift; sourceTree = "<group>"; };
		A91DBC522DE58191001F42ED /* SnapSafeApp.swift */ = {isa = PBXFileReference; lastKnownFileType = sourcecode.swift; path = SnapSafeApp.swift; sourceTree = "<group>"; };
		A9DE37472DC5F34400679C2C /* SnapSafe.app */ = {isa = PBXFileReference; explicitFileType = wrapper.application; includeInIndex = 0; path = SnapSafe.app; sourceTree = BUILT_PRODUCTS_DIR; };
		A9DE37572DC5F34600679C2C /* SnapSafeTests.xctest */ = {isa = PBXFileReference; explicitFileType = wrapper.cfbundle; includeInIndex = 0; path = SnapSafeTests.xctest; sourceTree = BUILT_PRODUCTS_DIR; };
		A9DE37612DC5F34600679C2C /* SnapSafeUITests.xctest */ = {isa = PBXFileReference; explicitFileType = wrapper.cfbundle; includeInIndex = 0; path = SnapSafeUITests.xctest; sourceTree = BUILT_PRODUCTS_DIR; };
		A9E6B6932E6E47B500BB6F19 /* SecureImageRepository.swift */ = {isa = PBXFileReference; lastKnownFileType = sourcecode.swift; path = SecureImageRepository.swift; sourceTree = "<group>"; };
		A9E6B6942E6E47B500BB6F19 /* ThumbnailCache.swift */ = {isa = PBXFileReference; lastKnownFileType = sourcecode.swift; path = ThumbnailCache.swift; sourceTree = "<group>"; };
		A9E6B6982E6E47E700BB6F19 /* PhotoDef.swift */ = {isa = PBXFileReference; lastKnownFileType = sourcecode.swift; path = PhotoDef.swift; sourceTree = "<group>"; };
		A9E6B69A2E6E487400BB6F19 /* PhotoMetaData.swift */ = {isa = PBXFileReference; lastKnownFileType = sourcecode.swift; path = PhotoMetaData.swift; sourceTree = "<group>"; };
		A9E6B6AE2E6EAD3D00BB6F19 /* SecurityOverlayViewModel.swift */ = {isa = PBXFileReference; lastKnownFileType = sourcecode.swift; path = SecurityOverlayViewModel.swift; sourceTree = "<group>"; };
		A9E6B6B02E6EAE3500BB6F19 /* SecurityOverlayView.swift */ = {isa = PBXFileReference; lastKnownFileType = sourcecode.swift; path = SecurityOverlayView.swift; sourceTree = "<group>"; };
		A9E6B6B42E7247D300BB6F19 /* Localizable.xcstrings */ = {isa = PBXFileReference; lastKnownFileType = text.json.xcstrings; path = Localizable.xcstrings; sourceTree = "<group>"; };
/* End PBXFileReference section */

/* Begin PBXFrameworksBuildPhase section */
		A9DE37442DC5F34400679C2C /* Frameworks */ = {
			isa = PBXFrameworksBuildPhase;
			buildActionMask = 2147483647;
			files = (
				660130A02E676F5B00D07E9C /* FactoryKit in Frameworks */,
				66A404C92E67EAF90054FFE7 /* Argon2Kit in Frameworks */,
				66A404DC2E69537E0054FFE7 /* Mockable in Frameworks */,
				663C7E342E7153CA00967B9E /* Logging in Frameworks */,
			);
			runOnlyForDeploymentPostprocessing = 0;
		};
		A9DE37542DC5F34600679C2C /* Frameworks */ = {
			isa = PBXFrameworksBuildPhase;
			buildActionMask = 2147483647;
			files = (
				660130A22E676F5B00D07E9C /* FactoryTesting in Frameworks */,
				66A404DA2E694E2C0054FFE7 /* Mockable in Frameworks */,
			);
			runOnlyForDeploymentPostprocessing = 0;
		};
		A9DE375E2DC5F34600679C2C /* Frameworks */ = {
			isa = PBXFrameworksBuildPhase;
			buildActionMask = 2147483647;
			files = (
			);
			runOnlyForDeploymentPostprocessing = 0;
		};
/* End PBXFrameworksBuildPhase section */

/* Begin PBXGroup section */
		660130BB2E67AD1D00D07E9C /* Encryption */ = {
			isa = PBXGroup;
			children = (
				663C7E302E712E9000967B9E /* HardwareEncryptionScheme.swift */,
				660130B82E67AD1D00D07E9C /* EncryptionScheme.swift */,
				660130BA2E67AD1D00D07E9C /* PassThroughEncryptionScheme.swift */,
				660130C62E67AD3A00D07E9C /* DeviceInfoDataSource.swift */,
			);
			path = Encryption;
			sourceTree = "<group>";
		};
		660130C32E67AD2200D07E9C /* UserData */ = {
			isa = PBXGroup;
			children = (
				6660FC4D2E83736200C0B617 /* FileBasedSettingsDataSource.swift */,
				660130C12E67AD2200D07E9C /* SettingsDataSource.swift */,
				660130C22E67AD2200D07E9C /* UserDefaultsSettingsDataSource.swift */,
			);
			path = UserData;
			sourceTree = "<group>";
		};
		663C7E3C2E71542E00967B9E /* Logging */ = {
			isa = PBXGroup;
			children = (
				663C7E3A2E71542E00967B9E /* Logger+Extensions.swift */,
				663C7E3B2E71542E00967B9E /* LoggingConfiguration.swift */,
			);
			path = Logging;
			sourceTree = "<group>";
		};
		663C7E412E7289C300967B9E /* PhotoObfuscation */ = {
			isa = PBXGroup;
			children = (
				663C7E472E728B2A00967B9E /* Components */,
				663C7E3F2E7289C300967B9E /* PhotoObfuscationView.swift */,
				663C7E402E7289C300967B9E /* PhotoObfuscationViewModel.swift */,
				A91DBC462DE58191001F42ED /* FaceDetector.swift */,
			);
			path = PhotoObfuscation;
			sourceTree = "<group>";
		};
		663C7E472E728B2A00967B9E /* Components */ = {
			isa = PBXGroup;
			children = (
				663C7E442E728B2A00967B9E /* FaceBoxView.swift */,
				663C7E452E728B2A00967B9E /* FaceDetectionControlsView.swift */,
				663C7E462E728B2A00967B9E /* FaceDetectionOverlay.swift */,
			);
			path = Components;
			sourceTree = "<group>";
		};
		663C7E532E73FA3100967B9E /* PoisonPillSetup */ = {
			isa = PBXGroup;
			children = (
				663C7E582E752CF900967B9E /* ExplanationStep.swift */,
				663C7E4F2E73FA3100967B9E /* PoisonPillExplanationView.swift */,
				663C7E502E73FA3100967B9E /* PoisonPillPinCreationView.swift */,
				663C7E512E73FA3100967B9E /* PoisonPillSetupWizardView.swift */,
				663C7E522E73FA3100967B9E /* PoisonPillSetupWizardViewModel.swift */,
			);
			path = PoisonPillSetup;
			sourceTree = "<group>";
		};
		6660FC462E77D05800C0B617 /* PIN */ = {
			isa = PBXGroup;
			children = (
				66A404CA2E67EB7F0054FFE7 /* PinCrypto.swift */,
				66A404D22E67FD720054FFE7 /* PinRepository.swift */,
				66A404D42E6800840054FFE7 /* PinRepositoryImpl.swift */,
				660130B92E67AD1D00D07E9C /* HashedPin.swift */,
			);
			path = PIN;
			sourceTree = "<group>";
		};
		6660FC482E77D09200C0B617 /* Authorization */ = {
			isa = PBXGroup;
			children = (
				660130B62E67AD1D00D07E9C /* AuthorizationRepository.swift */,
			);
			path = Authorization;
			sourceTree = "<group>";
		};
		6660FC5E2E850E9200C0B617 /* About */ = {
			isa = PBXGroup;
			children = (
				6660FC5C2E850E9200C0B617 /* AboutView.swift */,
				6660FC5D2E850E9200C0B617 /* AboutViewModel.swift */,
			);
			path = About;
			sourceTree = "<group>";
		};
		667FF8132E6BAB4500FB3E02 /* Util */ = {
			isa = PBXGroup;
			children = (
				663C7E3C2E71542E00967B9E /* Logging */,
				667FF8282E6CAE0C00FB3E02 /* CombineExt.swift */,
				66DE21CE2E69750600AC94DA /* Json.swift */,
				667FF80F2E6A9EE600FB3E02 /* Clock.swift */,
				66A404CC2E67F0960054FFE7 /* DataExt.swift */,
				667FF82A2E6CB1C400FB3E02 /* getRotationAngle.swift */,
			);
			path = Util;
			sourceTree = "<group>";
		};
		667FF81D2E6C9DC200FB3E02 /* Screens */ = {
			isa = PBXGroup;
			children = (
				6660FC5E2E850E9200C0B617 /* About */,
				667FF8342E6D101300FB3E02 /* AppNavigation.swift */,
				667FF8322E6D0FF800FB3E02 /* ContentView.swift */,
				667FF83A2E6D142200FB3E02 /* ContentViewModel.swift */,
				A91DBC4E2DE58191001F42ED /* PrivacyShield.swift */,
				A9E6B6B02E6EAE3500BB6F19 /* SecurityOverlayView.swift */,
				A9E6B6AE2E6EAD3D00BB6F19 /* SecurityOverlayViewModel.swift */,
				667FF8212E6C9E3400FB3E02 /* Camera */,
				667FF81F2E6C9E0B00FB3E02 /* Gallery */,
				A91DBC3C2DE58191001F42ED /* PhotoDetail */,
				663C7E412E7289C300967B9E /* PhotoObfuscation */,
				667FF81E2E6C9DCB00FB3E02 /* PinSetup */,
				667FF8232E6C9E6A00FB3E02 /* PinVerification */,
				663C7E532E73FA3100967B9E /* PoisonPillSetup */,
				667FF8202E6C9E1F00FB3E02 /* Settings */,
				667FF8242E6C9E9200FB3E02 /* Views */,
			);
			path = Screens;
			sourceTree = "<group>";
		};
		667FF81E2E6C9DCB00FB3E02 /* PinSetup */ = {
			isa = PBXGroup;
			children = (
				6660FC422E76989300C0B617 /* IntroductionSlideView.swift */,
				6660FC402E76984E00C0B617 /* IntroductionSlide.swift */,
				6660FC3D2E76952700C0B617 /* PINSetupIntroView.swift */,
				667FF8142E6BB00900FB3E02 /* PINSetupViewModel.swift */,
				A91DBC4C2DE58191001F42ED /* PINSetupView.swift */,
			);
			path = PinSetup;
			sourceTree = "<group>";
		};
		667FF81F2E6C9E0B00FB3E02 /* Gallery */ = {
			isa = PBXGroup;
			children = (
				667FF82E2E6CC33B00FB3E02 /* SecureGalleryViewModel.swift */,
				667FF81A2E6C9D1400FB3E02 /* PhotoCell.swift */,
				A91DBC502DE58191001F42ED /* SecureGalleryView.swift */,
			);
			path = Gallery;
			sourceTree = "<group>";
		};
		667FF8202E6C9E1F00FB3E02 /* Settings */ = {
			isa = PBXGroup;
			children = (
				667FF82C2E6CC06900FB3E02 /* SettingsViewModel.swift */,
				A91DBC512DE58191001F42ED /* SettingsView.swift */,
			);
			path = Settings;
			sourceTree = "<group>";
		};
		667FF8212E6C9E3400FB3E02 /* Camera */ = {
			isa = PBXGroup;
			children = (
				663C7E282E6FEE2500967B9E /* CameraViewModel.swift */,
				667FF83C2E6D16C700FB3E02 /* CameraContainerView.swift */,
				667FF8162E6C9C9900FB3E02 /* CameraView.swift */,
				A91DBC422DE58191001F42ED /* CamControl.swift */,
			);
			path = Camera;
			sourceTree = "<group>";
		};
		667FF8232E6C9E6A00FB3E02 /* PinVerification */ = {
			isa = PBXGroup;
			children = (
				667FF8302E6CD94500FB3E02 /* PINVerificationViewModel.swift */,
				A91DBC4D2DE58191001F42ED /* PINVerificationView.swift */,
			);
			path = PinVerification;
			sourceTree = "<group>";
		};
		667FF8242E6C9E9200FB3E02 /* Views */ = {
			isa = PBXGroup;
			children = (
				667FF8182E6C9CF400FB3E02 /* UIImageExt.swift */,
			);
			path = Views;
			sourceTree = "<group>";
		};
		667FF8252E6C9EAD00FB3E02 /* Data */ = {
			isa = PBXGroup;
			children = (
				660130A82E67753600D07E9C /* AppDependencyInjection.swift */,
				6660FC482E77D09200C0B617 /* Authorization */,
				660130BB2E67AD1D00D07E9C /* Encryption */,
				667FF8262E6C9F6B00FB3E02 /* Location */,
				A91DBC2B2DE58191001F42ED /* Models */,
				6660FC462E77D05800C0B617 /* PIN */,
				A9E6B6952E6E47B500BB6F19 /* SecureImage */,
				669751312E6A63C50059C5F3 /* UseCases */,
				660130C32E67AD2200D07E9C /* UserData */,
			);
			path = Data;
			sourceTree = "<group>";
		};
		667FF8262E6C9F6B00FB3E02 /* Location */ = {
			isa = PBXGroup;
			children = (
				A91DBC492DE58191001F42ED /* LocationRepository.swift */,
			);
			path = Location;
			sourceTree = "<group>";
		};
		669751312E6A63C50059C5F3 /* UseCases */ = {
			isa = PBXGroup;
			children = (
				663C7E1E2E6FED9A00967B9E /* AddDecoyPhotoUseCase.swift */,
				669751322E6A63D30059C5F3 /* AuthorizePinUseCase.swift */,
				669751342E6A642A0059C5F3 /* CreatePinUseCase.swift */,
				663C7E4D2E73DB2200967B9E /* CreatePoisonPillUseCase.swift */,
				663C7E1F2E6FED9A00967B9E /* InvalidateSessionUseCase.swift */,
				663C7E202E6FED9A00967B9E /* PinStrengthCheckUseCase.swift */,
				663C7E2E2E71121600967B9E /* PrepareForSharingUseCase.swift */,
				6660FC442E77CE4000C0B617 /* RemoveDecoyPhotoUseCase.swift */,
				663C7E212E6FED9A00967B9E /* RemovePoisonPillIUseCase.swift */,
				663C7E222E6FED9A00967B9E /* SecurityResetUseCase.swift */,
				663C7E4B2E729DF800967B9E /* VerifyPinUseCase.swift */,
			);
			path = UseCases;
			sourceTree = "<group>";
		};
		A91DBC2B2DE58191001F42ED /* Models */ = {
			isa = PBXGroup;
			children = (
				A9E6B69A2E6E487400BB6F19 /* PhotoMetaData.swift */,
				A9E6B6982E6E47E700BB6F19 /* PhotoDef.swift */,
				A91DBC252DE58191001F42ED /* AppearanceMode.swift */,
				A91DBC262DE58191001F42ED /* DetectedFace.swift */,
				A91DBC272DE58191001F42ED /* MaskMode.swift */,
			);
			path = Models;
			sourceTree = "<group>";
		};
		A91DBC2D2DE58191001F42ED /* Preview Content */ = {
			isa = PBXGroup;
			children = (
				A91DBC2C2DE58191001F42ED /* Preview Assets.xcassets */,
			);
			path = "Preview Content";
			sourceTree = "<group>";
		};
		A91DBC342DE58191001F42ED /* Components */ = {
			isa = PBXGroup;
			children = (
				A91DBC312DE58191001F42ED /* PhotoControlsView.swift */,
				A91DBC322DE58191001F42ED /* ZoomableImageView.swift */,
				A91DBC332DE58191001F42ED /* ZoomLevelIndicator.swift */,
			);
			path = Components;
			sourceTree = "<group>";
		};
		A91DBC362DE58191001F42ED /* Modifiers */ = {
			isa = PBXGroup;
			children = (
				A91DBC352DE58191001F42ED /* ZoomableModifier.swift */,
			);
			path = Modifiers;
			sourceTree = "<group>";
		};
		A91DBC3C2DE58191001F42ED /* PhotoDetail */ = {
			isa = PBXGroup;
			children = (
				A91DBC342DE58191001F42ED /* Components */,
				A91DBC362DE58191001F42ED /* Modifiers */,
				A91DBC372DE58191001F42ED /* EnhancedPhotoDetailView.swift */,
				663C7E2C2E70F2E900967B9E /* EnhancedPhotoDetailViewModel.swift */,
				A91DBC382DE58191001F42ED /* ImageInfoView.swift */,
				663C7E2A2E70EF0C00967B9E /* ImageInfoViewModel.swift */,
				A91DBC3A2DE58191001F42ED /* PhotoDetailView.swift */,
				A91DBC3B2DE58191001F42ED /* PhotoDetailViewModel.swift */,
			);
			path = PhotoDetail;
			sourceTree = "<group>";
		};
		A91DBC532DE58191001F42ED /* SnapSafe */ = {
			isa = PBXGroup;
			children = (
				A91DBC4F2DE58191001F42ED /* ScreenCaptureManager.swift */,
				A91DBC522DE58191001F42ED /* SnapSafeApp.swift */,
				A91DBC3F2DE58191001F42ED /* Assets.xcassets */,
				667FF8252E6C9EAD00FB3E02 /* Data */,
				A91DBC2D2DE58191001F42ED /* Preview Content */,
				667FF81D2E6C9DC200FB3E02 /* Screens */,
				667FF8132E6BAB4500FB3E02 /* Util */,
			);
			path = SnapSafe;
			sourceTree = "<group>";
		};
		A9DE373E2DC5F34400679C2C = {
			isa = PBXGroup;
			children = (
				A9E6B6B42E7247D300BB6F19 /* Localizable.xcstrings */,
				A91DBB422DE41BAE001F42ED /* SnapSafe.xctestplan */,
				A9DE37482DC5F34400679C2C /* Products */,
				A91DBC532DE58191001F42ED /* SnapSafe */,
				A9DE375A2DC5F34600679C2C /* SnapSafeTests */,
				A9DE37642DC5F34600679C2C /* SnapSafeUITests */,
			);
			sourceTree = "<group>";
		};
		A9DE37482DC5F34400679C2C /* Products */ = {
			isa = PBXGroup;
			children = (
				A9DE37472DC5F34400679C2C /* SnapSafe.app */,
				A9DE37572DC5F34600679C2C /* SnapSafeTests.xctest */,
				A9DE37612DC5F34600679C2C /* SnapSafeUITests.xctest */,
			);
			name = Products;
			sourceTree = "<group>";
		};
		A9DE375A2DC5F34600679C2C /* SnapSafeTests */ = {
			isa = PBXGroup;
			children = (
				667FF8112E6BA7F200FB3E02 /* AuthorizePinUseCaseTests.swift */,
				667FF80D2E6A9D2A00FB3E02 /* AuthorizationRepositoryTests.swift */,
				6697512F2E69789A0059C5F3 /* TestUtils.swift */,
				66A404D02E67F39F0054FFE7 /* PinCryptoTests.swift */,
				66A404D62E694A450054FFE7 /* PinRepositoryTest.swift */,
			);
			path = SnapSafeTests;
			sourceTree = "<group>";
		};
		A9DE37642DC5F34600679C2C /* SnapSafeUITests */ = {
			isa = PBXGroup;
			children = (
			);
			path = SnapSafeUITests;
			sourceTree = "<group>";
		};
		A9E6B6952E6E47B500BB6F19 /* SecureImage */ = {
			isa = PBXGroup;
			children = (
				A9E6B6932E6E47B500BB6F19 /* SecureImageRepository.swift */,
				A9E6B6942E6E47B500BB6F19 /* ThumbnailCache.swift */,
			);
			path = SecureImage;
			sourceTree = "<group>";
		};
/* End PBXGroup section */

/* Begin PBXNativeTarget section */
		A9DE37462DC5F34400679C2C /* SnapSafe */ = {
			isa = PBXNativeTarget;
			buildConfigurationList = A9DE376B2DC5F34600679C2C /* Build configuration list for PBXNativeTarget "SnapSafe" */;
			buildPhases = (
				A9DE37432DC5F34400679C2C /* Sources */,
				A9DE37442DC5F34400679C2C /* Frameworks */,
				A9DE37452DC5F34400679C2C /* Resources */,
			);
			buildRules = (
			);
			dependencies = (
			);
			name = SnapSafe;
			packageProductDependencies = (
				6601309F2E676F5B00D07E9C /* FactoryKit */,
				66A404C82E67EAF90054FFE7 /* Argon2Kit */,
				66A404DB2E69537E0054FFE7 /* Mockable */,
				663C7E332E7153CA00967B9E /* Logging */,
			);
			productName = SnapSafe;
			productReference = A9DE37472DC5F34400679C2C /* SnapSafe.app */;
			productType = "com.apple.product-type.application";
		};
		A9DE37562DC5F34600679C2C /* SnapSafeTests */ = {
			isa = PBXNativeTarget;
			buildConfigurationList = A9DE376E2DC5F34600679C2C /* Build configuration list for PBXNativeTarget "SnapSafeTests" */;
			buildPhases = (
				A9DE37532DC5F34600679C2C /* Sources */,
				A9DE37542DC5F34600679C2C /* Frameworks */,
				A9DE37552DC5F34600679C2C /* Resources */,
			);
			buildRules = (
			);
			dependencies = (
				A9DE37592DC5F34600679C2C /* PBXTargetDependency */,
			);
			name = SnapSafeTests;
			packageProductDependencies = (
				660130A12E676F5B00D07E9C /* FactoryTesting */,
				66A404D92E694E2C0054FFE7 /* Mockable */,
			);
			productName = SnapSafeTests;
			productReference = A9DE37572DC5F34600679C2C /* SnapSafeTests.xctest */;
			productType = "com.apple.product-type.bundle.unit-test";
		};
		A9DE37602DC5F34600679C2C /* SnapSafeUITests */ = {
			isa = PBXNativeTarget;
			buildConfigurationList = A9DE37712DC5F34600679C2C /* Build configuration list for PBXNativeTarget "SnapSafeUITests" */;
			buildPhases = (
				A9DE375D2DC5F34600679C2C /* Sources */,
				A9DE375E2DC5F34600679C2C /* Frameworks */,
				A9DE375F2DC5F34600679C2C /* Resources */,
			);
			buildRules = (
			);
			dependencies = (
				A9DE37632DC5F34600679C2C /* PBXTargetDependency */,
			);
			name = SnapSafeUITests;
			packageProductDependencies = (
			);
			productName = SnapSafeUITests;
			productReference = A9DE37612DC5F34600679C2C /* SnapSafeUITests.xctest */;
			productType = "com.apple.product-type.bundle.ui-testing";
		};
/* End PBXNativeTarget section */

/* Begin PBXProject section */
		A9DE373F2DC5F34400679C2C /* Project object */ = {
			isa = PBXProject;
			attributes = {
				BuildIndependentTargetsInParallel = 1;
				LastSwiftUpdateCheck = 1620;
				LastUpgradeCheck = 1620;
				TargetAttributes = {
					A9DE37462DC5F34400679C2C = {
						CreatedOnToolsVersion = 16.2;
					};
					A9DE37562DC5F34600679C2C = {
						CreatedOnToolsVersion = 16.2;
						LastSwiftMigration = 1640;
						TestTargetID = A9DE37462DC5F34400679C2C;
					};
					A9DE37602DC5F34600679C2C = {
						CreatedOnToolsVersion = 16.2;
						TestTargetID = A9DE37462DC5F34400679C2C;
					};
				};
			};
			buildConfigurationList = A9DE37422DC5F34400679C2C /* Build configuration list for PBXProject "SnapSafe" */;
			compatibilityVersion = "Xcode 14.0";
			developmentRegion = en;
			hasScannedForEncodings = 0;
			knownRegions = (
				en,
				Base,
				es,
			);
			mainGroup = A9DE373E2DC5F34400679C2C;
			packageReferences = (
				6601309E2E676F5B00D07E9C /* XCRemoteSwiftPackageReference "Factory" */,
				66A404C72E67EAF90054FFE7 /* XCRemoteSwiftPackageReference "Argon2Kit" */,
				66A404D82E694E2C0054FFE7 /* XCRemoteSwiftPackageReference "Mockable" */,
				663C7E322E7153CA00967B9E /* XCRemoteSwiftPackageReference "swift-log" */,
			);
			productRefGroup = A9DE37482DC5F34400679C2C /* Products */;
			projectDirPath = "";
			projectRoot = "";
			targets = (
				A9DE37462DC5F34400679C2C /* SnapSafe */,
				A9DE37562DC5F34600679C2C /* SnapSafeTests */,
				A9DE37602DC5F34600679C2C /* SnapSafeUITests */,
			);
		};
/* End PBXProject section */

/* Begin PBXResourcesBuildPhase section */
		A9DE37452DC5F34400679C2C /* Resources */ = {
			isa = PBXResourcesBuildPhase;
			buildActionMask = 2147483647;
			files = (
				A91DBC7A2DE58191001F42ED /* Preview Assets.xcassets in Resources */,
				A91DBC7B2DE58191001F42ED /* Assets.xcassets in Resources */,
				A9E6B6B72E7247D300BB6F19 /* Localizable.xcstrings in Resources */,
			);
			runOnlyForDeploymentPostprocessing = 0;
		};
		A9DE37552DC5F34600679C2C /* Resources */ = {
			isa = PBXResourcesBuildPhase;
			buildActionMask = 2147483647;
			files = (
				A9E6B6B62E7247D300BB6F19 /* Localizable.xcstrings in Resources */,
			);
			runOnlyForDeploymentPostprocessing = 0;
		};
		A9DE375F2DC5F34600679C2C /* Resources */ = {
			isa = PBXResourcesBuildPhase;
			buildActionMask = 2147483647;
			files = (
				A9E6B6B52E7247D300BB6F19 /* Localizable.xcstrings in Resources */,
			);
			runOnlyForDeploymentPostprocessing = 0;
		};
/* End PBXResourcesBuildPhase section */

/* Begin PBXSourcesBuildPhase section */
		A9DE37432DC5F34400679C2C /* Sources */ = {
			isa = PBXSourcesBuildPhase;
			buildActionMask = 2147483647;
			files = (
				667FF82B2E6CB78000FB3E02 /* getRotationAngle.swift in Sources */,
				663C7E542E73FA3100967B9E /* PoisonPillSetupWizardViewModel.swift in Sources */,
				663C7E552E73FA3100967B9E /* PoisonPillPinCreationView.swift in Sources */,
				663C7E562E73FA3100967B9E /* PoisonPillSetupWizardView.swift in Sources */,
				663C7E572E73FA3100967B9E /* PoisonPillExplanationView.swift in Sources */,
				A91DBC542DE58191001F42ED /* AppearanceMode.swift in Sources */,
				663C7E232E6FED9A00967B9E /* SecurityResetUseCase.swift in Sources */,
				663C7E2D2E70F2E900967B9E /* EnhancedPhotoDetailViewModel.swift in Sources */,
				663C7E242E6FED9A00967B9E /* RemovePoisonPillIUseCase.swift in Sources */,
				663C7E252E6FED9A00967B9E /* InvalidateSessionUseCase.swift in Sources */,
				663C7E262E6FED9A00967B9E /* AddDecoyPhotoUseCase.swift in Sources */,
				663C7E272E6FED9A00967B9E /* PinStrengthCheckUseCase.swift in Sources */,
				6660FC452E77CE4B00C0B617 /* RemoveDecoyPhotoUseCase.swift in Sources */,
				A9E6B6992E6E47E700BB6F19 /* PhotoDef.swift in Sources */,
				667FF83D2E6D16C700FB3E02 /* CameraContainerView.swift in Sources */,
				A91DBC552DE58191001F42ED /* DetectedFace.swift in Sources */,
				667FF82D2E6CC06900FB3E02 /* SettingsViewModel.swift in Sources */,
				663C7E2F2E71121C00967B9E /* PrepareForSharingUseCase.swift in Sources */,
				A91DBC562DE58191001F42ED /* MaskMode.swift in Sources */,
				663C7E4C2E729DF800967B9E /* VerifyPinUseCase.swift in Sources */,
				660130C42E67AD2200D07E9C /* SettingsDataSource.swift in Sources */,
				663C7E592E752CF900967B9E /* ExplanationStep.swift in Sources */,
				660130C52E67AD2200D07E9C /* UserDefaultsSettingsDataSource.swift in Sources */,
				663C7E2B2E70EF0C00967B9E /* ImageInfoViewModel.swift in Sources */,
				A91DBC5D2DE58191001F42ED /* PhotoControlsView.swift in Sources */,
				667FF8102E6A9EE600FB3E02 /* Clock.swift in Sources */,
				6660FC3F2E76952700C0B617 /* PINSetupIntroView.swift in Sources */,
				660130A92E67753600D07E9C /* AppDependencyInjection.swift in Sources */,
				A91DBC5E2DE58191001F42ED /* ZoomableImageView.swift in Sources */,
				667FF8172E6C9C9B00FB3E02 /* CameraView.swift in Sources */,
				667FF8292E6CAE1000FB3E02 /* CombineExt.swift in Sources */,
				667FF8152E6BB00900FB3E02 /* PINSetupViewModel.swift in Sources */,
				667FF8192E6C9CF600FB3E02 /* UIImageExt.swift in Sources */,
				A9E6B69B2E6E487400BB6F19 /* PhotoMetaData.swift in Sources */,
				667FF8312E6CD94500FB3E02 /* PINVerificationViewModel.swift in Sources */,
				A91DBC5F2DE58191001F42ED /* ZoomLevelIndicator.swift in Sources */,
				66DE21CF2E69750C00AC94DA /* Json.swift in Sources */,
				66A404D32E67FD720054FFE7 /* PinRepository.swift in Sources */,
				6660FC412E76984E00C0B617 /* IntroductionSlide.swift in Sources */,
				A91DBC602DE58191001F42ED /* ZoomableModifier.swift in Sources */,
				663C7E482E728B2A00967B9E /* FaceBoxView.swift in Sources */,
				663C7E492E728B2A00967B9E /* FaceDetectionOverlay.swift in Sources */,
				6660FC432E76989300C0B617 /* IntroductionSlideView.swift in Sources */,
				663C7E4A2E728B2A00967B9E /* FaceDetectionControlsView.swift in Sources */,
				667FF8332E6D0FF800FB3E02 /* ContentView.swift in Sources */,
				663C7E4E2E73DB3100967B9E /* CreatePoisonPillUseCase.swift in Sources */,
				A91DBC612DE58191001F42ED /* EnhancedPhotoDetailView.swift in Sources */,
				667FF82F2E6CC33B00FB3E02 /* SecureGalleryViewModel.swift in Sources */,
				667FF81B2E6C9D1800FB3E02 /* PhotoCell.swift in Sources */,
				A91DBC622DE58191001F42ED /* ImageInfoView.swift in Sources */,
				A9E6B6B12E6EAE3500BB6F19 /* SecurityOverlayView.swift in Sources */,
				66A404CD2E67F0960054FFE7 /* DataExt.swift in Sources */,
				663C7E312E712E9000967B9E /* HardwareEncryptionScheme.swift in Sources */,
				663C7E3D2E71542E00967B9E /* LoggingConfiguration.swift in Sources */,
				663C7E3E2E71542E00967B9E /* Logger+Extensions.swift in Sources */,
				A9E6B6962E6E47B500BB6F19 /* ThumbnailCache.swift in Sources */,
				A9E6B6972E6E47B500BB6F19 /* SecureImageRepository.swift in Sources */,
				A91DBC642DE58191001F42ED /* PhotoDetailView.swift in Sources */,
				A91DBC652DE58191001F42ED /* PhotoDetailViewModel.swift in Sources */,
				66A404D52E6800840054FFE7 /* PinRepositoryImpl.swift in Sources */,
				A91DBC692DE58191001F42ED /* CamControl.swift in Sources */,
				6660FC5F2E850E9200C0B617 /* AboutViewModel.swift in Sources */,
				6660FC602E850E9200C0B617 /* AboutView.swift in Sources */,
				667FF8352E6D101300FB3E02 /* AppNavigation.swift in Sources */,
				A91DBC6D2DE58191001F42ED /* FaceDetector.swift in Sources */,
				660130C72E67AD3A00D07E9C /* DeviceInfoDataSource.swift in Sources */,
				669751332E6A63D30059C5F3 /* AuthorizePinUseCase.swift in Sources */,
				663C7E292E6FEE2500967B9E /* CameraViewModel.swift in Sources */,
				66A404CB2E67EB7F0054FFE7 /* PinCrypto.swift in Sources */,
				A91DBC702DE58191001F42ED /* LocationRepository.swift in Sources */,
				A9E6B6AF2E6EAD3D00BB6F19 /* SecurityOverlayViewModel.swift in Sources */,
				A91DBC732DE58191001F42ED /* PINSetupView.swift in Sources */,
				669751352E6A64330059C5F3 /* CreatePinUseCase.swift in Sources */,
				A91DBC742DE58191001F42ED /* PINVerificationView.swift in Sources */,
				A91DBC752DE58191001F42ED /* PrivacyShield.swift in Sources */,
				660130BC2E67AD1D00D07E9C /* AuthorizationRepository.swift in Sources */,
				660130BE2E67AD1D00D07E9C /* EncryptionScheme.swift in Sources */,
				660130BF2E67AD1D00D07E9C /* HashedPin.swift in Sources */,
				660130C02E67AD1D00D07E9C /* PassThroughEncryptionScheme.swift in Sources */,
				6660FC4E2E83736200C0B617 /* FileBasedSettingsDataSource.swift in Sources */,
				663C7E422E7289C300967B9E /* PhotoObfuscationView.swift in Sources */,
				663C7E432E7289C300967B9E /* PhotoObfuscationViewModel.swift in Sources */,
				A91DBC762DE58191001F42ED /* ScreenCaptureManager.swift in Sources */,
				667FF83B2E6D142200FB3E02 /* ContentViewModel.swift in Sources */,
				A91DBC772DE58191001F42ED /* SecureGalleryView.swift in Sources */,
				A91DBC782DE58191001F42ED /* SettingsView.swift in Sources */,
				A91DBC792DE58191001F42ED /* SnapSafeApp.swift in Sources */,
			);
			runOnlyForDeploymentPostprocessing = 0;
		};
		A9DE37532DC5F34600679C2C /* Sources */ = {
			isa = PBXSourcesBuildPhase;
			buildActionMask = 2147483647;
			files = (
				667FF8122E6BA7F200FB3E02 /* AuthorizePinUseCaseTests.swift in Sources */,
				66A404D12E67F39F0054FFE7 /* PinCryptoTests.swift in Sources */,
				667FF80E2E6A9D3000FB3E02 /* AuthorizationRepositoryTests.swift in Sources */,
				669751302E69789F0059C5F3 /* TestUtils.swift in Sources */,
				66A404D72E694A450054FFE7 /* PinRepositoryTest.swift in Sources */,
			);
			runOnlyForDeploymentPostprocessing = 0;
		};
		A9DE375D2DC5F34600679C2C /* Sources */ = {
			isa = PBXSourcesBuildPhase;
			buildActionMask = 2147483647;
			files = (
			);
			runOnlyForDeploymentPostprocessing = 0;
		};
/* End PBXSourcesBuildPhase section */

/* Begin PBXTargetDependency section */
		A9DE37592DC5F34600679C2C /* PBXTargetDependency */ = {
			isa = PBXTargetDependency;
			target = A9DE37462DC5F34400679C2C /* SnapSafe */;
			targetProxy = A9DE37582DC5F34600679C2C /* PBXContainerItemProxy */;
		};
		A9DE37632DC5F34600679C2C /* PBXTargetDependency */ = {
			isa = PBXTargetDependency;
			target = A9DE37462DC5F34400679C2C /* SnapSafe */;
			targetProxy = A9DE37622DC5F34600679C2C /* PBXContainerItemProxy */;
		};
/* End PBXTargetDependency section */

/* Begin XCBuildConfiguration section */
		A9DE37692DC5F34600679C2C /* Debug */ = {
			isa = XCBuildConfiguration;
			buildSettings = {
				ALWAYS_SEARCH_USER_PATHS = NO;
				ASSETCATALOG_COMPILER_GENERATE_SWIFT_ASSET_SYMBOL_EXTENSIONS = YES;
				CLANG_ANALYZER_NONNULL = YES;
				CLANG_ANALYZER_NUMBER_OBJECT_CONVERSION = YES_AGGRESSIVE;
				CLANG_CXX_LANGUAGE_STANDARD = "gnu++20";
				CLANG_ENABLE_MODULES = YES;
				CLANG_ENABLE_OBJC_ARC = YES;
				CLANG_ENABLE_OBJC_WEAK = YES;
				CLANG_WARN_BLOCK_CAPTURE_AUTORELEASING = YES;
				CLANG_WARN_BOOL_CONVERSION = YES;
				CLANG_WARN_COMMA = YES;
				CLANG_WARN_CONSTANT_CONVERSION = YES;
				CLANG_WARN_DEPRECATED_OBJC_IMPLEMENTATIONS = YES;
				CLANG_WARN_DIRECT_OBJC_ISA_USAGE = YES_ERROR;
				CLANG_WARN_DOCUMENTATION_COMMENTS = YES;
				CLANG_WARN_EMPTY_BODY = YES;
				CLANG_WARN_ENUM_CONVERSION = YES;
				CLANG_WARN_INFINITE_RECURSION = YES;
				CLANG_WARN_INT_CONVERSION = YES;
				CLANG_WARN_NON_LITERAL_NULL_CONVERSION = YES;
				CLANG_WARN_OBJC_IMPLICIT_RETAIN_SELF = YES;
				CLANG_WARN_OBJC_LITERAL_CONVERSION = YES;
				CLANG_WARN_OBJC_ROOT_CLASS = YES_ERROR;
				CLANG_WARN_QUOTED_INCLUDE_IN_FRAMEWORK_HEADER = YES;
				CLANG_WARN_RANGE_LOOP_ANALYSIS = YES;
				CLANG_WARN_STRICT_PROTOTYPES = YES;
				CLANG_WARN_SUSPICIOUS_MOVE = YES;
				CLANG_WARN_UNGUARDED_AVAILABILITY = YES_AGGRESSIVE;
				CLANG_WARN_UNREACHABLE_CODE = YES;
				CLANG_WARN__DUPLICATE_METHOD_MATCH = YES;
				COPY_PHASE_STRIP = NO;
				DEBUG_INFORMATION_FORMAT = dwarf;
				ENABLE_STRICT_OBJC_MSGSEND = YES;
				ENABLE_TESTABILITY = YES;
				ENABLE_USER_SCRIPT_SANDBOXING = YES;
				GCC_C_LANGUAGE_STANDARD = gnu17;
				GCC_DYNAMIC_NO_PIC = NO;
				GCC_NO_COMMON_BLOCKS = YES;
				GCC_OPTIMIZATION_LEVEL = 0;
				GCC_PREPROCESSOR_DEFINITIONS = (
					"DEBUG=1",
					"$(inherited)",
				);
				GCC_WARN_64_TO_32_BIT_CONVERSION = YES;
				GCC_WARN_ABOUT_RETURN_TYPE = YES_ERROR;
				GCC_WARN_UNDECLARED_SELECTOR = YES;
				GCC_WARN_UNINITIALIZED_AUTOS = YES_AGGRESSIVE;
				GCC_WARN_UNUSED_FUNCTION = YES;
				GCC_WARN_UNUSED_VARIABLE = YES;
				IPHONEOS_DEPLOYMENT_TARGET = 17.6;
				LOCALIZATION_PREFERS_STRING_CATALOGS = YES;
				MTL_ENABLE_DEBUG_INFO = INCLUDE_SOURCE;
				MTL_FAST_MATH = YES;
				ONLY_ACTIVE_ARCH = YES;
				SDKROOT = iphoneos;
				SWIFT_ACTIVE_COMPILATION_CONDITIONS = "DEBUG $(inherited)";
				SWIFT_OPTIMIZATION_LEVEL = "-Onone";
			};
			name = Debug;
		};
		A9DE376A2DC5F34600679C2C /* Release */ = {
			isa = XCBuildConfiguration;
			buildSettings = {
				ALWAYS_SEARCH_USER_PATHS = NO;
				ASSETCATALOG_COMPILER_GENERATE_SWIFT_ASSET_SYMBOL_EXTENSIONS = YES;
				CLANG_ANALYZER_NONNULL = YES;
				CLANG_ANALYZER_NUMBER_OBJECT_CONVERSION = YES_AGGRESSIVE;
				CLANG_CXX_LANGUAGE_STANDARD = "gnu++20";
				CLANG_ENABLE_MODULES = YES;
				CLANG_ENABLE_OBJC_ARC = YES;
				CLANG_ENABLE_OBJC_WEAK = YES;
				CLANG_WARN_BLOCK_CAPTURE_AUTORELEASING = YES;
				CLANG_WARN_BOOL_CONVERSION = YES;
				CLANG_WARN_COMMA = YES;
				CLANG_WARN_CONSTANT_CONVERSION = YES;
				CLANG_WARN_DEPRECATED_OBJC_IMPLEMENTATIONS = YES;
				CLANG_WARN_DIRECT_OBJC_ISA_USAGE = YES_ERROR;
				CLANG_WARN_DOCUMENTATION_COMMENTS = YES;
				CLANG_WARN_EMPTY_BODY = YES;
				CLANG_WARN_ENUM_CONVERSION = YES;
				CLANG_WARN_INFINITE_RECURSION = YES;
				CLANG_WARN_INT_CONVERSION = YES;
				CLANG_WARN_NON_LITERAL_NULL_CONVERSION = YES;
				CLANG_WARN_OBJC_IMPLICIT_RETAIN_SELF = YES;
				CLANG_WARN_OBJC_LITERAL_CONVERSION = YES;
				CLANG_WARN_OBJC_ROOT_CLASS = YES_ERROR;
				CLANG_WARN_QUOTED_INCLUDE_IN_FRAMEWORK_HEADER = YES;
				CLANG_WARN_RANGE_LOOP_ANALYSIS = YES;
				CLANG_WARN_STRICT_PROTOTYPES = YES;
				CLANG_WARN_SUSPICIOUS_MOVE = YES;
				CLANG_WARN_UNGUARDED_AVAILABILITY = YES_AGGRESSIVE;
				CLANG_WARN_UNREACHABLE_CODE = YES;
				CLANG_WARN__DUPLICATE_METHOD_MATCH = YES;
				COPY_PHASE_STRIP = NO;
				DEBUG_INFORMATION_FORMAT = "dwarf-with-dsym";
				ENABLE_NS_ASSERTIONS = NO;
				ENABLE_STRICT_OBJC_MSGSEND = YES;
				ENABLE_USER_SCRIPT_SANDBOXING = YES;
				GCC_C_LANGUAGE_STANDARD = gnu17;
				GCC_NO_COMMON_BLOCKS = YES;
				GCC_WARN_64_TO_32_BIT_CONVERSION = YES;
				GCC_WARN_ABOUT_RETURN_TYPE = YES_ERROR;
				GCC_WARN_UNDECLARED_SELECTOR = YES;
				GCC_WARN_UNINITIALIZED_AUTOS = YES_AGGRESSIVE;
				GCC_WARN_UNUSED_FUNCTION = YES;
				GCC_WARN_UNUSED_VARIABLE = YES;
				IPHONEOS_DEPLOYMENT_TARGET = 17.6;
				LOCALIZATION_PREFERS_STRING_CATALOGS = YES;
				MTL_ENABLE_DEBUG_INFO = NO;
				MTL_FAST_MATH = YES;
				SDKROOT = iphoneos;
				SWIFT_COMPILATION_MODE = wholemodule;
				VALIDATE_PRODUCT = YES;
			};
			name = Release;
		};
		A9DE376C2DC5F34600679C2C /* Debug */ = {
			isa = XCBuildConfiguration;
			buildSettings = {
				ASSETCATALOG_COMPILER_APPICON_NAME = AppIcon;
				ASSETCATALOG_COMPILER_GLOBAL_ACCENT_COLOR_NAME = AccentColor;
				CODE_SIGN_IDENTITY = "Apple Development";
				CODE_SIGN_STYLE = Automatic;
				CURRENT_PROJECT_VERSION = 1;
				DEVELOPMENT_ASSET_PATHS = "\"SnapSafe/Preview Content\"";
				DEVELOPMENT_TEAM = 8P3G3HT4J5;
				ENABLE_PREVIEWS = YES;
				GENERATE_INFOPLIST_FILE = YES;
				INFOPLIST_FILE = "Snap-Safe-Info.plist";
				INFOPLIST_KEY_CFBundleDisplayName = SnapSafe;
				INFOPLIST_KEY_LSApplicationCategoryType = "public.app-category.photography";
				INFOPLIST_KEY_NSCameraUsageDescription = "This app needs camera access so you can take photos that are encrypted and stored locally.";
				INFOPLIST_KEY_NSLocationWhenInUseUsageDescription = "This lets the app tag your photos with where they were taken.";
				INFOPLIST_KEY_UIApplicationSceneManifest_Generation = YES;
				INFOPLIST_KEY_UIApplicationSupportsIndirectInputEvents = YES;
				INFOPLIST_KEY_UILaunchScreen_Generation = YES;
				INFOPLIST_KEY_UISupportedInterfaceOrientations = UIInterfaceOrientationPortrait;
				INFOPLIST_KEY_UISupportedInterfaceOrientations_iPad = "UIInterfaceOrientationLandscapeLeft UIInterfaceOrientationLandscapeRight UIInterfaceOrientationPortrait UIInterfaceOrientationPortraitUpsideDown";
				IPHONEOS_DEPLOYMENT_TARGET = 17.0;
				LD_RUNPATH_SEARCH_PATHS = (
					"$(inherited)",
					"@executable_path/Frameworks",
				);
				MARKETING_VERSION = 1.0;
				PRODUCT_BUNDLE_IDENTIFIER = com.darkrockstudios.apps.snapsafe;
				PRODUCT_NAME = "$(TARGET_NAME)";
				PROVISIONING_PROFILE_SPECIFIER = "";
				SUPPORTED_PLATFORMS = "iphoneos iphonesimulator";
				SUPPORTS_MACCATALYST = NO;
				SUPPORTS_MAC_DESIGNED_FOR_IPHONE_IPAD = NO;
				SUPPORTS_XR_DESIGNED_FOR_IPHONE_IPAD = NO;
				"SWIFT_ACTIVE_COMPILATION_CONDITIONS[arch=*]" = "$(inherited) MOCKING";
				SWIFT_EMIT_LOC_STRINGS = YES;
				SWIFT_VERSION = 5.0;
				TARGETED_DEVICE_FAMILY = 1;
			};
			name = Debug;
		};
		A9DE376D2DC5F34600679C2C /* Release */ = {
			isa = XCBuildConfiguration;
			buildSettings = {
				ASSETCATALOG_COMPILER_APPICON_NAME = AppIcon;
				ASSETCATALOG_COMPILER_GLOBAL_ACCENT_COLOR_NAME = AccentColor;
				CODE_SIGN_IDENTITY = "Apple Development";
				CODE_SIGN_STYLE = Automatic;
				CURRENT_PROJECT_VERSION = 1;
				DEVELOPMENT_ASSET_PATHS = "\"SnapSafe/Preview Content\"";
				DEVELOPMENT_TEAM = 8P3G3HT4J5;
				ENABLE_PREVIEWS = YES;
				GENERATE_INFOPLIST_FILE = YES;
				INFOPLIST_FILE = "Snap-Safe-Info.plist";
				INFOPLIST_KEY_CFBundleDisplayName = SnapSafe;
				INFOPLIST_KEY_LSApplicationCategoryType = "public.app-category.photography";
				INFOPLIST_KEY_NSCameraUsageDescription = "This app needs camera access so you can take photos that are encrypted and stored locally.";
				INFOPLIST_KEY_NSLocationWhenInUseUsageDescription = "This lets the app tag your photos with where they were taken.";
				INFOPLIST_KEY_UIApplicationSceneManifest_Generation = YES;
				INFOPLIST_KEY_UIApplicationSupportsIndirectInputEvents = YES;
				INFOPLIST_KEY_UILaunchScreen_Generation = YES;
				INFOPLIST_KEY_UISupportedInterfaceOrientations = UIInterfaceOrientationPortrait;
				INFOPLIST_KEY_UISupportedInterfaceOrientations_iPad = "UIInterfaceOrientationLandscapeLeft UIInterfaceOrientationLandscapeRight UIInterfaceOrientationPortrait UIInterfaceOrientationPortraitUpsideDown";
				IPHONEOS_DEPLOYMENT_TARGET = 17.0;
				LD_RUNPATH_SEARCH_PATHS = (
					"$(inherited)",
					"@executable_path/Frameworks",
				);
				MARKETING_VERSION = 1.0;
				PRODUCT_BUNDLE_IDENTIFIER = com.darkrockstudios.apps.snapsafe;
				PRODUCT_NAME = "$(TARGET_NAME)";
				PROVISIONING_PROFILE_SPECIFIER = "";
				SUPPORTED_PLATFORMS = "iphoneos iphonesimulator";
				SUPPORTS_MACCATALYST = NO;
				SUPPORTS_MAC_DESIGNED_FOR_IPHONE_IPAD = NO;
				SUPPORTS_XR_DESIGNED_FOR_IPHONE_IPAD = NO;
				SWIFT_EMIT_LOC_STRINGS = YES;
				SWIFT_VERSION = 5.0;
				TARGETED_DEVICE_FAMILY = 1;
			};
			name = Release;
		};
		A9DE376F2DC5F34600679C2C /* Debug */ = {
			isa = XCBuildConfiguration;
			buildSettings = {
				BUNDLE_LOADER = "$(TEST_HOST)";
				CODE_SIGN_STYLE = Automatic;
				CURRENT_PROJECT_VERSION = 1;
				DEVELOPMENT_TEAM = BP75F4S5N3;
				GENERATE_INFOPLIST_FILE = YES;
				IPHONEOS_DEPLOYMENT_TARGET = 18.2;
				MARKETING_VERSION = 1.0;
				PRODUCT_BUNDLE_IDENTIFIER = "snapsafe.Snap-SafeTests";
				PRODUCT_NAME = "$(TARGET_NAME)";
				SWIFT_EMIT_LOC_STRINGS = NO;
				SWIFT_VERSION = 5.0;
				TARGETED_DEVICE_FAMILY = "1,2";
				TEST_HOST = "$(BUILT_PRODUCTS_DIR)/SnapSafe.app/$(BUNDLE_EXECUTABLE_FOLDER_PATH)/SnapSafe";
			};
			name = Debug;
		};
		A9DE37702DC5F34600679C2C /* Release */ = {
			isa = XCBuildConfiguration;
			buildSettings = {
				BUNDLE_LOADER = "$(TEST_HOST)";
				CODE_SIGN_STYLE = Automatic;
				CURRENT_PROJECT_VERSION = 1;
				DEVELOPMENT_TEAM = 8P3G3HT4J5;
				GENERATE_INFOPLIST_FILE = YES;
				IPHONEOS_DEPLOYMENT_TARGET = 18.2;
				MARKETING_VERSION = 1.0;
				PRODUCT_BUNDLE_IDENTIFIER = "snapsafe.Snap-SafeTests";
				PRODUCT_NAME = "$(TARGET_NAME)";
				SWIFT_EMIT_LOC_STRINGS = NO;
				SWIFT_VERSION = 5.0;
				TARGETED_DEVICE_FAMILY = "1,2";
				TEST_HOST = "$(BUILT_PRODUCTS_DIR)/SnapSafe.app/$(BUNDLE_EXECUTABLE_FOLDER_PATH)/SnapSafe";
			};
			name = Release;
		};
		A9DE37722DC5F34600679C2C /* Debug */ = {
			isa = XCBuildConfiguration;
			buildSettings = {
				CODE_SIGN_STYLE = Automatic;
				CURRENT_PROJECT_VERSION = 1;
				DEVELOPMENT_TEAM = BP75F4S5N3;
				GENERATE_INFOPLIST_FILE = YES;
				MARKETING_VERSION = 1.0;
				PRODUCT_BUNDLE_IDENTIFIER = "snapsafe.Snap-SafeUITests";
				PRODUCT_NAME = "$(TARGET_NAME)";
				SWIFT_EMIT_LOC_STRINGS = NO;
				SWIFT_VERSION = 5.0;
				TARGETED_DEVICE_FAMILY = "1,2";
				TEST_TARGET_NAME = SnapSafe;
			};
			name = Debug;
		};
		A9DE37732DC5F34600679C2C /* Release */ = {
			isa = XCBuildConfiguration;
			buildSettings = {
				CODE_SIGN_STYLE = Automatic;
				CURRENT_PROJECT_VERSION = 1;
				DEVELOPMENT_TEAM = 8P3G3HT4J5;
				GENERATE_INFOPLIST_FILE = YES;
				MARKETING_VERSION = 1.0;
				PRODUCT_BUNDLE_IDENTIFIER = "snapsafe.Snap-SafeUITests";
				PRODUCT_NAME = "$(TARGET_NAME)";
				SWIFT_EMIT_LOC_STRINGS = NO;
				SWIFT_VERSION = 5.0;
				TARGETED_DEVICE_FAMILY = "1,2";
				TEST_TARGET_NAME = SnapSafe;
			};
			name = Release;
		};
/* End XCBuildConfiguration section */

/* Begin XCConfigurationList section */
		A9DE37422DC5F34400679C2C /* Build configuration list for PBXProject "SnapSafe" */ = {
			isa = XCConfigurationList;
			buildConfigurations = (
				A9DE37692DC5F34600679C2C /* Debug */,
				A9DE376A2DC5F34600679C2C /* Release */,
			);
			defaultConfigurationIsVisible = 0;
			defaultConfigurationName = Debug;
		};
		A9DE376B2DC5F34600679C2C /* Build configuration list for PBXNativeTarget "SnapSafe" */ = {
			isa = XCConfigurationList;
			buildConfigurations = (
				A9DE376C2DC5F34600679C2C /* Debug */,
				A9DE376D2DC5F34600679C2C /* Release */,
			);
			defaultConfigurationIsVisible = 0;
			defaultConfigurationName = Debug;
		};
		A9DE376E2DC5F34600679C2C /* Build configuration list for PBXNativeTarget "SnapSafeTests" */ = {
			isa = XCConfigurationList;
			buildConfigurations = (
				A9DE376F2DC5F34600679C2C /* Debug */,
				A9DE37702DC5F34600679C2C /* Release */,
			);
			defaultConfigurationIsVisible = 0;
			defaultConfigurationName = Debug;
		};
		A9DE37712DC5F34600679C2C /* Build configuration list for PBXNativeTarget "SnapSafeUITests" */ = {
			isa = XCConfigurationList;
			buildConfigurations = (
				A9DE37722DC5F34600679C2C /* Debug */,
				A9DE37732DC5F34600679C2C /* Release */,
			);
			defaultConfigurationIsVisible = 0;
			defaultConfigurationName = Debug;
		};
/* End XCConfigurationList section */

/* Begin XCRemoteSwiftPackageReference section */
		6601309E2E676F5B00D07E9C /* XCRemoteSwiftPackageReference "Factory" */ = {
			isa = XCRemoteSwiftPackageReference;
			repositoryURL = "https://github.com/hmlongco/Factory.git";
			requirement = {
				kind = upToNextMajorVersion;
				minimumVersion = 2.5.3;
			};
		};
		663C7E322E7153CA00967B9E /* XCRemoteSwiftPackageReference "swift-log" */ = {
			isa = XCRemoteSwiftPackageReference;
			repositoryURL = "https://github.com/apple/swift-log.git";
			requirement = {
				kind = upToNextMajorVersion;
				minimumVersion = 1.6.4;
			};
		};
		66A404C72E67EAF90054FFE7 /* XCRemoteSwiftPackageReference "Argon2Kit" */ = {
			isa = XCRemoteSwiftPackageReference;
			repositoryURL = "https://github.com/rkreutz/Argon2Kit.git";
			requirement = {
				kind = upToNextMajorVersion;
				minimumVersion = 0.1.1;
			};
		};
		66A404D82E694E2C0054FFE7 /* XCRemoteSwiftPackageReference "Mockable" */ = {
			isa = XCRemoteSwiftPackageReference;
			repositoryURL = "https://github.com/Kolos65/Mockable";
			requirement = {
				kind = upToNextMajorVersion;
				minimumVersion = 0.4.0;
			};
		};
/* End XCRemoteSwiftPackageReference section */

/* Begin XCSwiftPackageProductDependency section */
		6601309F2E676F5B00D07E9C /* FactoryKit */ = {
			isa = XCSwiftPackageProductDependency;
			package = 6601309E2E676F5B00D07E9C /* XCRemoteSwiftPackageReference "Factory" */;
			productName = FactoryKit;
		};
		660130A12E676F5B00D07E9C /* FactoryTesting */ = {
			isa = XCSwiftPackageProductDependency;
			package = 6601309E2E676F5B00D07E9C /* XCRemoteSwiftPackageReference "Factory" */;
			productName = FactoryTesting;
		};
		663C7E332E7153CA00967B9E /* Logging */ = {
			isa = XCSwiftPackageProductDependency;
			package = 663C7E322E7153CA00967B9E /* XCRemoteSwiftPackageReference "swift-log" */;
			productName = Logging;
		};
		66A404C82E67EAF90054FFE7 /* Argon2Kit */ = {
			isa = XCSwiftPackageProductDependency;
			package = 66A404C72E67EAF90054FFE7 /* XCRemoteSwiftPackageReference "Argon2Kit" */;
			productName = Argon2Kit;
		};
		66A404D92E694E2C0054FFE7 /* Mockable */ = {
			isa = XCSwiftPackageProductDependency;
			package = 66A404D82E694E2C0054FFE7 /* XCRemoteSwiftPackageReference "Mockable" */;
			productName = Mockable;
		};
		66A404DB2E69537E0054FFE7 /* Mockable */ = {
			isa = XCSwiftPackageProductDependency;
			package = 66A404D82E694E2C0054FFE7 /* XCRemoteSwiftPackageReference "Mockable" */;
			productName = Mockable;
		};
/* End XCSwiftPackageProductDependency section */
	};
	rootObject = A9DE373F2DC5F34400679C2C /* Project object */;
}
